<?xml version="1.0" encoding="utf-8"?>
<Project ToolsVersion="4.0" xmlns="http://schemas.microsoft.com/developer/msbuild/2003">
  <ItemGroup>
    <Filter Include="Source Files">
      <UniqueIdentifier>{7ab18dfd-c1f2-4a45-be07-7cdfe8de781c}</UniqueIdentifier>
      <Extensions>cpp;c;cxx;rc;def;r;odl;hpj;bat;for;f90</Extensions>
    </Filter>
    <Filter Include="Header Files">
      <UniqueIdentifier>{dc34f5a9-db26-44ac-9447-b66f059a67f3}</UniqueIdentifier>
      <Extensions>h;hpp;hxx;hm;inl;fi;fd</Extensions>
    </Filter>
    <Filter Include="Resource Files">
      <UniqueIdentifier>{26fd2f52-0351-41ff-9869-4d4665057214}</UniqueIdentifier>
      <Extensions>ico;cur;bmp;dlg;rc2;rct;bin;cnt;rtf;gif;jpg;jpeg;jpe</Extensions>
    </Filter>
  </ItemGroup>
  <ItemGroup>
    <ClCompile Include="_ThreadManager.cpp">
      <Filter>Source Files</Filter>
    </ClCompile>
    <ClCompile Include="_WispWin.cpp">
      <Filter>Source Files</Filter>
    </ClCompile>
    <ClCompile Include="_WndProcs.cpp">
      <Filter>Source Files</Filter>
    </ClCompile>
    <ClCompile Include="cApplication.cpp">
      <Filter>Source Files</Filter>
    </ClCompile>
    <ClCompile Include="cOptionWindow.cpp">
      <Filter>Source Files</Filter>
    </ClCompile>
    <ClCompile Include="cWindows.cpp">
      <Filter>Source Files</Filter>
    </ClCompile>
    <ClCompile Include="..\rControls\rControls.cpp">
      <Filter>Source Files</Filter>
    </ClCompile>
    <ClCompile Include="..\rControls\rDialogs.cpp">
      <Filter>Source Files</Filter>
    </ClCompile>
    <ClCompile Include="..\rControls\rDlgProcs.cpp">
      <Filter>Source Files</Filter>
    </ClCompile>
    <ClCompile Include="..\rControls\rStatusBar.cpp">
      <Filter>Source Files</Filter>
    </ClCompile>
  </ItemGroup>
  <ItemGroup>
    <ResourceCompile Include="_WispWin.rc">
      <Filter>Source Files</Filter>
    </ResourceCompile>
  </ItemGroup>
  <ItemGroup>
    <ClInclude Include="#Classes.h">
      <Filter>Header Files</Filter>
    </ClInclude>
    <ClInclude Include="#Defines.h">
      <Filter>Header Files</Filter>
    </ClInclude>
    <ClInclude Include="#Externs.h">
      <Filter>Header Files</Filter>
    </ClInclude>
    <ClInclude Include="#Prototypes.h">
      <Filter>Header Files</Filter>
    </ClInclude>
    <ClInclude Include="..\rControls\rControls.h">
      <Filter>Header Files</Filter>
    </ClInclude>
    <ClInclude Include="resource.h">
      <Filter>Header Files</Filter>
    </ClInclude>
    <ClInclude Include="..\rControls\rPrototypes.h">
      <Filter>Header Files</Filter>
    </ClInclude>
    <ClInclude Include="..\rControls\rResources.h">
      <Filter>Header Files</Filter>
    </ClInclude>
  </ItemGroup>
  <ItemGroup>
    <None Include="wisp.ico">
      <Filter>Resource Files</Filter>
    </None>
  </ItemGroup>
</Project>