<?xml version="1.0" encoding="utf-8"?>
<Project ToolsVersion="4.0" xmlns="http://schemas.microsoft.com/developer/msbuild/2003">
  <ItemGroup>
    <Filter Include="Source Files">
      <UniqueIdentifier>{640617e9-72fb-445a-98a5-ca1a01cb7819}</UniqueIdentifier>
      <Extensions>cpp;c;cxx;rc;def;r;odl;hpj;bat;for;f90</Extensions>
    </Filter>
    <Filter Include="Resource Files">
      <UniqueIdentifier>{32cac313-fb35-42c4-8313-6ace18b56b51}</UniqueIdentifier>
      <Extensions>ico;cur;bmp;dlg;rc2;rct;bin;cnt;rtf;gif;jpg;jpeg;jpe</Extensions>
    </Filter>
    <Filter Include="Header Files">
      <UniqueIdentifier>{73ab21c5-3847-4aa5-b73a-67718e7b6989}</UniqueIdentifier>
      <Extensions>h;hpp;hxx;hm;inl;fi;fd</Extensions>
    </Filter>
  </ItemGroup>
  <ItemGroup>
    <ClCompile Include="..\wisplib\acustubs.c">
      <Filter>Source Files</Filter>
    </ClCompile>
    <ClCompile Include="..\wisplib\backgrnd.c">
      <Filter>Source Files</Filter>
    </ClCompile>
    <ClCompile Include="..\wisplib\fexists.c">
      <Filter>Source Files</Filter>
    </ClCompile>
    <ClCompile Include="..\wisplib\idsisubs.c">
      <Filter>Source Files</Filter>
    </ClCompile>
    <ClCompile Include="..\wisplib\linksubs.c">
      <Filter>Source Files</Filter>
    </ClCompile>
    <ClCompile Include="..\wisplib\makepath.c">
      <Filter>Source Files</Filter>
    </ClCompile>
    <ClCompile Include="..\wisplib\mfstubs.c">
      <Filter>Source Files</Filter>
    </ClCompile>
    <ClCompile Include="..\wisplib\platsubs.c">
      <Filter>Source Files</Filter>
    </ClCompile>
    <ClCompile Include="..\wisplib\setenvst.c">
      <Filter>Source Files</Filter>
    </ClCompile>
    <ClCompile Include="..\wisplib\wanguid.c">
      <Filter>Source Files</Filter>
    </ClCompile>
    <ClCompile Include="..\wisplib\wassert.c">
      <Filter>Source Files</Filter>
    </ClCompile>
    <ClCompile Include="..\wisplib\werrlog.c">
      <Filter>Source Files</Filter>
    </ClCompile>
    <ClCompile Include="..\wisplib\werrpath.c">
      <Filter>Source Files</Filter>
    </ClCompile>
    <ClCompile Include="..\wisplib\wgetpgrp.c">
      <Filter>Source Files</Filter>
    </ClCompile>
    <ClCompile Include="..\wisplib\wglobals.c">
      <Filter>Source Files</Filter>
    </ClCompile>
    <ClCompile Include="win32wrn.c">
      <Filter>Source Files</Filter>
    </ClCompile>
    <ClCompile Include="..\wisplib\winnt.c">
      <Filter>Source Files</Filter>
    </ClCompile>
    <ClCompile Include="..\wisplib\wispcfg.c">
      <Filter>Source Files</Filter>
    </ClCompile>
    <ClCompile Include="..\wisplib\wispvers.c">
      <Filter>Source Files</Filter>
    </ClCompile>
    <ClCompile Include="..\wisplib\wmalloc.c">
      <Filter>Source Files</Filter>
    </ClCompile>
    <ClCompile Include="..\wisplib\wperson.c">
      <Filter>Source Files</Filter>
    </ClCompile>
    <ClCompile Include="wrun.c">
      <Filter>Source Files</Filter>
    </ClCompile>
    <ClCompile Include="..\wisplib\wrunconf.c">
      <Filter>Source Files</Filter>
    </ClCompile>
    <ClCompile Include="..\wisplib\wswap.c">
      <Filter>Source Files</Filter>
    </ClCompile>
  </ItemGroup>
  <ItemGroup>
    <ResourceCompile Include="wrun.rc">
      <Filter>Source Files</Filter>
    </ResourceCompile>
  </ItemGroup>
  <ItemGroup>
    <None Include="wrun.ico">
      <Filter>Resource Files</Filter>
    </None>
  </ItemGroup>
  <ItemGroup>
    <ClInclude Include="wrun_rc.h">
      <Filter>Header Files</Filter>
    </ClInclude>
  </ItemGroup>
</Project>