Microsoft Visual Studio Solution File, Format Version 12.00
# Visual Studio 15
VisualStudioVersion = 15.0.28010.2003
MinimumVisualStudioVersion = 10.0.40219.1
Project("{8BC9CEB8-8B4A-11D0-8D11-00A0C91BC942}") = "acn", "acu\acn.vcxproj", "{25F24DFD-A297-483C-89F6-5B94E312B974}"
EndProject
Project("{8BC9CEB8-8B4A-11D0-8D11-00A0C91BC942}") = "acu", "acu\acu.vcxproj", "{3D842722-9E32-40F4-8E89-1882E8AE7B0E}"
EndProject
Project("{8BC9CEB8-8B4A-11D0-8D11-00A0C91BC942}") = "all", "port\all.vcxproj", "{8A416EB0-2EFC-4703-BB0C-81EB2B97E152}"
EndProject
Project("{8BC9CEB8-8B4A-11D0-8D11-00A0C91BC942}") = "display", "wisputils\display.vcxproj", "{58968529-ECB8-415F-A1BA-06AC7E11FAD7}"
EndProject
Project("{8BC9CEB8-8B4A-11D0-8D11-00A0C91BC942}") = "disprint", "WISPUTILS\disprint.vcxproj", "{0EB54808-9234-4B5E-A571-06524488333C}"
EndProject
Project("{8BC9CEB8-8B4A-11D0-8D11-00A0C91BC942}") = "hexed", "wisputils\hexed.vcxproj", "{62CED551-FD75-48B8-BB2C-DE2C93C24595}"
EndProject
Project("{8BC9CEB8-8B4A-11D0-8D11-00A0C91BC942}") = "kcsi_acu", "kcsi\kcsi_acu.vcxproj", "{BE5B5E55-D115-431A-9F7C-BFADC0650565}"
EndProject
Project("{8BC9CEB8-8B4A-11D0-8D11-00A0C91BC942}") = "kcsi_acu_cob", "kcsi\kcsi_acu_cob.vcxproj", "{FD3DE444-80B9-4B36-937A-3C2D48508562}"
EndProject
Project("{8BC9CEB8-8B4A-11D0-8D11-00A0C91BC942}") = "kcsi_acu_lib", "kcsi\kcsi_acu_lib.vcxproj", "{4E2D6977-209E-46A1-9B1E-51A0EB8778C9}"
EndProject
Project("{8BC9CEB8-8B4A-11D0-8D11-00A0C91BC942}") = "mfn", "mf\mfn.vcxproj", "{E3FF808B-82A5-4689-AD4A-1BE1745D96AF}"
EndProject
Project("{8BC9CEB8-8B4A-11D0-8D11-00A0C91BC942}") = "mfsubs", "mf\mfsubs.vcxproj", "{2F313F28-FC10-44A1-855B-09522D16E95B}"
EndProject
Project("{8BC9CEB8-8B4A-11D0-8D11-00A0C91BC942}") = "nt_wconfig", "nt\wconfig\nt_wconfig.vcxproj", "{29EBC3F4-187D-47B6-9106-5FAE3511869D}"
EndProject
Project("{8BC9CEB8-8B4A-11D0-8D11-00A0C91BC942}") = "nt_wisptran", "nt\wisptran\nt_wisptran.vcxproj", "{F0A5D0C6-2123-444D-BF0B-E1406F782FB9}"
EndProject
Project("{8BC9CEB8-8B4A-11D0-8D11-00A0C91BC942}") = "proctran", "proctran\proctran.vcxproj", "{7A2F1271-2B36-41C9-A987-5E56EC7EA814}"
EndProject
Project("{8BC9CEB8-8B4A-11D0-8D11-00A0C91BC942}") = "qapic", "wisputils\qapic.vcxproj", "{7D0D7DAD-24E5-4439-9623-2BB46F8AAFC6}"
EndProject
Project("{8BC9CEB8-8B4A-11D0-8D11-00A0C91BC942}") = "shipkitkcsiacu", "port\shipkitkcsiacu.vcxproj", "{5F45F30B-E373-43BC-9F4F-5FB3D900BB86}"
EndProject
Project("{8BC9CEB8-8B4A-11D0-8D11-00A0C91BC942}") = "shipkitwisp", "port\shipkitwisp.vcxproj", "{243D6218-A649-4BE1-8AE3-C8ED87B29808}"
EndProject
Project("{8BC9CEB8-8B4A-11D0-8D11-00A0C91BC942}") = "testacu", "test\testacu.vcxproj", "{44409EAF-B6FE-4760-B888-2D949AE8C6B7}"
EndProject
Project("{8BC9CEB8-8B4A-11D0-8D11-00A0C91BC942}") = "videolib", "videolib\videolib.vcxproj", "{3EE153BF-AA07-4929-8FA5-3687BB168071}"
EndProject
Project("{8BC9CEB8-8B4A-11D0-8D11-00A0C91BC942}") = "videotest", "videotest\videotest.vcxproj", "{B5C3BCA5-F481-48E6-9BAC-BAF53BC10744}"
EndProject
Project("{8BC9CEB8-8B4A-11D0-8D11-00A0C91BC942}") = "vsedit", "vsedit\vsedit.vcxproj", "{1EC0443E-6826-4E37-AB54-04D57B3EE289}"
EndProject
Project("{8BC9CEB8-8B4A-11D0-8D11-00A0C91BC942}") = "vsx", "wisputils\vsx.vcxproj", "{09FEBE12-DBAE-4734-85E6-272059450B85}"
EndProject
Project("{8BC9CEB8-8B4A-11D0-8D11-00A0C91BC942}") = "wauthorize", "wauth\wauthorize.vcxproj", "{222C3D43-6758-4022-90ED-2E2D38575DAD}"
EndProject
Project("{8BC9CEB8-8B4A-11D0-8D11-00A0C91BC942}") = "wcopy", "wisputils\wcopy.vcxproj", "{7C68D4EE-F3C7-4A8D-A277-028FF6244232}"
EndProject
Project("{8BC9CEB8-8B4A-11D0-8D11-00A0C91BC942}") = "wdiag", "wisputils\wdiag.vcxproj", "{6B1F33B4-99AC-4FB1-AFDE-D0A27035DCE6}"
EndProject
Project("{8BC9CEB8-8B4A-11D0-8D11-00A0C91BC942}") = "wispkit", "port\wispkit.vcxproj", "{1FD3A666-3297-4B68-AB44-6109A8819E90}"
EndProject
Project("{8BC9CEB8-8B4A-11D0-8D11-00A0C91BC942}") = "wisplib", "wisplib\wisplib.vcxproj", "{A35B613F-4406-41F4-9CB6-C724AECE35A5}"
EndProject
Project("{8BC9CEB8-8B4A-11D0-8D11-00A0C91BC942}") = "wisptran", "wisptran\wisptran.vcxproj", "{2C42A6D6-76E3-4530-ADBF-D32662B4441C}"
EndProject
Project("{8BC9CEB8-8B4A-11D0-8D11-00A0C91BC942}") = "wisptran_test", "wisptran\wisptran_test.vcxproj", "{4268E55E-3F09-416A-A97C-7F2ACA308ECA}"
EndProject
Project("{8BC9CEB8-8B4A-11D0-8D11-00A0C91BC942}") = "wisputils", "wisputils\wisputils.vcxproj", "{53167940-ACA4-42FD-950C-00476D3F5801}"
EndProject
Project("{8BC9CEB8-8B4A-11D0-8D11-00A0C91BC942}") = "wlicense", "wisputils\wlicense.vcxproj", "{54808A19-17C4-4976-B68E-49A49B5F517C}"
EndProject
Project("{8BC9CEB8-8B4A-11D0-8D11-00A0C91BC942}") = "wlictest", "wisputils\wlictest.vcxproj", "{1CE94805-101E-4961-8EC2-FA568A36C26C}"
EndProject
Project("{8BC9CEB8-8B4A-11D0-8D11-00A0C91BC942}") = "wproc", "wproc\wproc.vcxproj", "{4840AC1F-F265-48D2-BDAC-145303A37F6F}"
EndProject
Project("{8BC9CEB8-8B4A-11D0-8D11-00A0C91BC942}") = "wrun", "wisputils\wrun.vcxproj", "{C73BF3D4-2B93-4FB8-9F3E-00FCCA69BF49}"
EndProject
Project("{8BC9CEB8-8B4A-11D0-8D11-00A0C91BC942}") = "wrunt", "WISPUTILS\wrunt.vcxproj", "{7C893D06-DAE4-4A5C-B37A-7C8D3BD1629F}"
EndProject
Project("{8BC9CEB8-8B4A-11D0-8D11-00A0C91BC942}") = "wshell", "wisputils\wshell.vcxproj", "{9C27A59E-5537-471C-96BC-125FE644EE8A}"
EndProject
Project("{8BC9CEB8-8B4A-11D0-8D11-00A0C91BC942}") = "wsort", "wisputils\wsort.vcxproj", "{3C97FE2F-94CC-41CD-91FB-ABCD5DF79FFA}"
EndProject
Project("{8BC9CEB8-8B4A-11D0-8D11-00A0C91BC942}") = "wusage", "wisputils\wusage.vcxproj", "{2F46D44C-2694-4A87-BE43-528F8BE217C2}"
EndProject
Project("{8BC9CEB8-8B4A-11D0-8D11-00A0C91BC942}") = "wprint64", "wprint64\wprint64.vcxproj", "{11A2CA2E-4D53-48E7-ADED-5CFF3F4DC101}"
EndProject
Project("{8BC9CEB8-8B4A-11D0-8D11-00A0C91BC942}") = "acu90_prep_qa", "acu\acu90\acu90_prep_qa\acu90_prep_qa.vcxproj", "{4A97EEF2-0D1A-462A-A57D-B65C39A61AFE}"
EndProject
Project("{8BC9CEB8-8B4A-11D0-8D11-00A0C91BC942}") = "install_qa", "test\QA\install_qa\install_qa.vcxproj", "{EB9CC5E2-DC0A-4FDF-BCF3-39052D975D4D}"
EndProject
Project("{8BC9CEB8-8B4A-11D0-8D11-00A0C91BC942}") = "wprint64kit", "wprint64\wprint64kit\wprint64kit.vcxproj", "{8845F81F-2B0A-46D4-96DF-11E30C2547EE}"
EndProject
Project("{8BC9CEB8-8B4A-11D0-8D11-00A0C91BC942}") = "acu91_prep_qa", "acu\acu91\acu91_prep_qa\acu91_prep_qa.vcxproj", "{B8B9A53F-9C13-4A81-A839-886EC96C5890}"
EndProject
Project("{8BC9CEB8-8B4A-11D0-8D11-00A0C91BC942}") = "acu102_prep_qa", "acu\acu102\acu102_prep_qa\acu102_prep_qa.vcxproj", "{7DB92A3E-A765-4F22-A1C9-FC7041F1CBD2}"
EndProject
Global
	GlobalSection(SolutionConfigurationPlatforms) = preSolution
		BoundsChecker|Mixed Platforms = BoundsChecker|Mixed Platforms
		BoundsChecker|Win32 = BoundsChecker|Win32
		BoundsChecker|x64 = BoundsChecker|x64
		Debug|Mixed Platforms = Debug|Mixed Platforms
		Debug|Win32 = Debug|Win32
		Debug|x64 = Debug|x64
		Release|Mixed Platforms = Release|Mixed Platforms
		Release|Win32 = Release|Win32
		Release|x64 = Release|x64
	EndGlobalSection
	GlobalSection(ProjectConfigurationPlatforms) = postSolution
		{25F24DFD-A297-483C-89F6-5B94E312B974}.BoundsChecker|Mixed Platforms.ActiveCfg = Release|x64
		{25F24DFD-A297-483C-89F6-5B94E312B974}.BoundsChecker|Mixed Platforms.Build.0 = Release|x64
		{25F24DFD-A297-483C-89F6-5B94E312B974}.BoundsChecker|Win32.ActiveCfg = Release|Win32
		{25F24DFD-A297-483C-89F6-5B94E312B974}.BoundsChecker|Win32.Build.0 = Release|Win32
		{25F24DFD-A297-483C-89F6-5B94E312B974}.BoundsChecker|x64.ActiveCfg = Release|x64
		{25F24DFD-A297-483C-89F6-5B94E312B974}.BoundsChecker|x64.Build.0 = Release|x64
		{25F24DFD-A297-483C-89F6-5B94E312B974}.Debug|Mixed Platforms.ActiveCfg = Debug|x64
		{25F24DFD-A297-483C-89F6-5B94E312B974}.Debug|Mixed Platforms.Build.0 = Debug|x64
		{25F24DFD-A297-483C-89F6-5B94E312B974}.Debug|Win32.ActiveCfg = Debug|Win32
		{25F24DFD-A297-483C-89F6-5B94E312B974}.Debug|Win32.Build.0 = Debug|Win32
		{25F24DFD-A297-483C-89F6-5B94E312B974}.Debug|x64.ActiveCfg = Debug|x64
		{25F24DFD-A297-483C-89F6-5B94E312B974}.Debug|x64.Build.0 = Debug|x64
		{25F24DFD-A297-483C-89F6-5B94E312B974}.Release|Mixed Platforms.ActiveCfg = Release|x64
		{25F24DFD-A297-483C-89F6-5B94E312B974}.Release|Mixed Platforms.Build.0 = Release|x64
		{25F24DFD-A297-483C-89F6-5B94E312B974}.Release|Win32.ActiveCfg = Release|Win32
		{25F24DFD-A297-483C-89F6-5B94E312B974}.Release|Win32.Build.0 = Release|Win32
		{25F24DFD-A297-483C-89F6-5B94E312B974}.Release|x64.ActiveCfg = Release|x64
		{25F24DFD-A297-483C-89F6-5B94E312B974}.Release|x64.Build.0 = Release|x64
		{3D842722-9E32-40F4-8E89-1882E8AE7B0E}.BoundsChecker|Mixed Platforms.ActiveCfg = Release|x64
		{3D842722-9E32-40F4-8E89-1882E8AE7B0E}.BoundsChecker|Mixed Platforms.Build.0 = Release|x64
		{3D842722-9E32-40F4-8E89-1882E8AE7B0E}.BoundsChecker|Win32.ActiveCfg = Release|Win32
		{3D842722-9E32-40F4-8E89-1882E8AE7B0E}.BoundsChecker|Win32.Build.0 = Release|Win32
		{3D842722-9E32-40F4-8E89-1882E8AE7B0E}.BoundsChecker|x64.ActiveCfg = Release|x64
		{3D842722-9E32-40F4-8E89-1882E8AE7B0E}.BoundsChecker|x64.Build.0 = Release|x64
		{3D842722-9E32-40F4-8E89-1882E8AE7B0E}.Debug|Mixed Platforms.ActiveCfg = Debug|x64
		{3D842722-9E32-40F4-8E89-1882E8AE7B0E}.Debug|Mixed Platforms.Build.0 = Debug|x64
		{3D842722-9E32-40F4-8E89-1882E8AE7B0E}.Debug|Win32.ActiveCfg = Debug|Win32
		{3D842722-9E32-40F4-8E89-1882E8AE7B0E}.Debug|Win32.Build.0 = Debug|Win32
		{3D842722-9E32-40F4-8E89-1882E8AE7B0E}.Debug|x64.ActiveCfg = Debug|x64
		{3D842722-9E32-40F4-8E89-1882E8AE7B0E}.Debug|x64.Build.0 = Debug|x64
		{3D842722-9E32-40F4-8E89-1882E8AE7B0E}.Release|Mixed Platforms.ActiveCfg = Release|x64
		{3D842722-9E32-40F4-8E89-1882E8AE7B0E}.Release|Mixed Platforms.Build.0 = Release|x64
		{3D842722-9E32-40F4-8E89-1882E8AE7B0E}.Release|Win32.ActiveCfg = Release|Win32
		{3D842722-9E32-40F4-8E89-1882E8AE7B0E}.Release|Win32.Build.0 = Release|Win32
		{3D842722-9E32-40F4-8E89-1882E8AE7B0E}.Release|x64.ActiveCfg = Release|x64
		{3D842722-9E32-40F4-8E89-1882E8AE7B0E}.Release|x64.Build.0 = Release|x64
		{8A416EB0-2EFC-4703-BB0C-81EB2B97E152}.BoundsChecker|Mixed Platforms.ActiveCfg = Release|x64
		{8A416EB0-2EFC-4703-BB0C-81EB2B97E152}.BoundsChecker|Mixed Platforms.Build.0 = Release|x64
		{8A416EB0-2EFC-4703-BB0C-81EB2B97E152}.BoundsChecker|Win32.ActiveCfg = Release|Win32
		{8A416EB0-2EFC-4703-BB0C-81EB2B97E152}.BoundsChecker|Win32.Build.0 = Release|Win32
		{8A416EB0-2EFC-4703-BB0C-81EB2B97E152}.BoundsChecker|x64.ActiveCfg = Release|x64
		{8A416EB0-2EFC-4703-BB0C-81EB2B97E152}.BoundsChecker|x64.Build.0 = Release|x64
		{8A416EB0-2EFC-4703-BB0C-81EB2B97E152}.Debug|Mixed Platforms.ActiveCfg = Debug|x64
		{8A416EB0-2EFC-4703-BB0C-81EB2B97E152}.Debug|Mixed Platforms.Build.0 = Debug|x64
		{8A416EB0-2EFC-4703-BB0C-81EB2B97E152}.Debug|Win32.ActiveCfg = Debug|Win32
		{8A416EB0-2EFC-4703-BB0C-81EB2B97E152}.Debug|Win32.Build.0 = Debug|Win32
		{8A416EB0-2EFC-4703-BB0C-81EB2B97E152}.Debug|x64.ActiveCfg = Debug|x64
		{8A416EB0-2EFC-4703-BB0C-81EB2B97E152}.Debug|x64.Build.0 = Debug|x64
		{8A416EB0-2EFC-4703-BB0C-81EB2B97E152}.Release|Mixed Platforms.ActiveCfg = Release|x64
		{8A416EB0-2EFC-4703-BB0C-81EB2B97E152}.Release|Mixed Platforms.Build.0 = Release|x64
		{8A416EB0-2EFC-4703-BB0C-81EB2B97E152}.Release|Win32.ActiveCfg = Release|Win32
		{8A416EB0-2EFC-4703-BB0C-81EB2B97E152}.Release|Win32.Build.0 = Release|Win32
		{8A416EB0-2EFC-4703-BB0C-81EB2B97E152}.Release|x64.ActiveCfg = Release|x64
		{8A416EB0-2EFC-4703-BB0C-81EB2B97E152}.Release|x64.Build.0 = Release|x64
		{58968529-ECB8-415F-A1BA-06AC7E11FAD7}.BoundsChecker|Mixed Platforms.ActiveCfg = Release|x64
		{58968529-ECB8-415F-A1BA-06AC7E11FAD7}.BoundsChecker|Mixed Platforms.Build.0 = Release|x64
		{58968529-ECB8-415F-A1BA-06AC7E11FAD7}.BoundsChecker|Win32.ActiveCfg = Release|Win32
		{58968529-ECB8-415F-A1BA-06AC7E11FAD7}.BoundsChecker|Win32.Build.0 = Release|Win32
		{58968529-ECB8-415F-A1BA-06AC7E11FAD7}.BoundsChecker|x64.ActiveCfg = Release|x64
		{58968529-ECB8-415F-A1BA-06AC7E11FAD7}.BoundsChecker|x64.Build.0 = Release|x64
		{58968529-ECB8-415F-A1BA-06AC7E11FAD7}.Debug|Mixed Platforms.ActiveCfg = Debug|x64
		{58968529-ECB8-415F-A1BA-06AC7E11FAD7}.Debug|Mixed Platforms.Build.0 = Debug|x64
		{58968529-ECB8-415F-A1BA-06AC7E11FAD7}.Debug|Win32.ActiveCfg = Debug|Win32
		{58968529-ECB8-415F-A1BA-06AC7E11FAD7}.Debug|Win32.Build.0 = Debug|Win32
		{58968529-ECB8-415F-A1BA-06AC7E11FAD7}.Debug|x64.ActiveCfg = Debug|x64
		{58968529-ECB8-415F-A1BA-06AC7E11FAD7}.Debug|x64.Build.0 = Debug|x64
		{58968529-ECB8-415F-A1BA-06AC7E11FAD7}.Release|Mixed Platforms.ActiveCfg = Release|x64
		{58968529-ECB8-415F-A1BA-06AC7E11FAD7}.Release|Mixed Platforms.Build.0 = Release|x64
		{58968529-ECB8-415F-A1BA-06AC7E11FAD7}.Release|Win32.ActiveCfg = Release|Win32
		{58968529-ECB8-415F-A1BA-06AC7E11FAD7}.Release|Win32.Build.0 = Release|Win32
		{58968529-ECB8-415F-A1BA-06AC7E11FAD7}.Release|x64.ActiveCfg = Release|x64
		{58968529-ECB8-415F-A1BA-06AC7E11FAD7}.Release|x64.Build.0 = Release|x64
		{0EB54808-9234-4B5E-A571-06524488333C}.BoundsChecker|Mixed Platforms.ActiveCfg = Release|x64
		{0EB54808-9234-4B5E-A571-06524488333C}.BoundsChecker|Mixed Platforms.Build.0 = Release|x64
		{0EB54808-9234-4B5E-A571-06524488333C}.BoundsChecker|Win32.ActiveCfg = Release|Win32
		{0EB54808-9234-4B5E-A571-06524488333C}.BoundsChecker|Win32.Build.0 = Release|Win32
		{0EB54808-9234-4B5E-A571-06524488333C}.BoundsChecker|x64.ActiveCfg = Release|x64
		{0EB54808-9234-4B5E-A571-06524488333C}.BoundsChecker|x64.Build.0 = Release|x64
		{0EB54808-9234-4B5E-A571-06524488333C}.Debug|Mixed Platforms.ActiveCfg = Debug|x64
		{0EB54808-9234-4B5E-A571-06524488333C}.Debug|Mixed Platforms.Build.0 = Debug|x64
		{0EB54808-9234-4B5E-A571-06524488333C}.Debug|Win32.ActiveCfg = Debug|Win32
		{0EB54808-9234-4B5E-A571-06524488333C}.Debug|Win32.Build.0 = Debug|Win32
		{0EB54808-9234-4B5E-A571-06524488333C}.Debug|x64.ActiveCfg = Debug|x64
		{0EB54808-9234-4B5E-A571-06524488333C}.Debug|x64.Build.0 = Debug|x64
		{0EB54808-9234-4B5E-A571-06524488333C}.Release|Mixed Platforms.ActiveCfg = Release|x64
		{0EB54808-9234-4B5E-A571-06524488333C}.Release|Mixed Platforms.Build.0 = Release|x64
		{0EB54808-9234-4B5E-A571-06524488333C}.Release|Win32.ActiveCfg = Release|Win32
		{0EB54808-9234-4B5E-A571-06524488333C}.Release|Win32.Build.0 = Release|Win32
		{0EB54808-9234-4B5E-A571-06524488333C}.Release|x64.ActiveCfg = Release|x64
		{0EB54808-9234-4B5E-A571-06524488333C}.Release|x64.Build.0 = Release|x64
		{62CED551-FD75-48B8-BB2C-DE2C93C24595}.BoundsChecker|Mixed Platforms.ActiveCfg = Release|x64
		{62CED551-FD75-48B8-BB2C-DE2C93C24595}.BoundsChecker|Mixed Platforms.Build.0 = Release|x64
		{62CED551-FD75-48B8-BB2C-DE2C93C24595}.BoundsChecker|Win32.ActiveCfg = Release|Win32
		{62CED551-FD75-48B8-BB2C-DE2C93C24595}.BoundsChecker|Win32.Build.0 = Release|Win32
		{62CED551-FD75-48B8-BB2C-DE2C93C24595}.BoundsChecker|x64.ActiveCfg = Release|x64
		{62CED551-FD75-48B8-BB2C-DE2C93C24595}.BoundsChecker|x64.Build.0 = Release|x64
		{62CED551-FD75-48B8-BB2C-DE2C93C24595}.Debug|Mixed Platforms.ActiveCfg = Debug|x64
		{62CED551-FD75-48B8-BB2C-DE2C93C24595}.Debug|Mixed Platforms.Build.0 = Debug|x64
		{62CED551-FD75-48B8-BB2C-DE2C93C24595}.Debug|Win32.ActiveCfg = Debug|Win32
		{62CED551-FD75-48B8-BB2C-DE2C93C24595}.Debug|Win32.Build.0 = Debug|Win32
		{62CED551-FD75-48B8-BB2C-DE2C93C24595}.Debug|x64.ActiveCfg = Debug|x64
		{62CED551-FD75-48B8-BB2C-DE2C93C24595}.Debug|x64.Build.0 = Debug|x64
		{62CED551-FD75-48B8-BB2C-DE2C93C24595}.Release|Mixed Platforms.ActiveCfg = Release|x64
		{62CED551-FD75-48B8-BB2C-DE2C93C24595}.Release|Mixed Platforms.Build.0 = Release|x64
		{62CED551-FD75-48B8-BB2C-DE2C93C24595}.Release|Win32.ActiveCfg = Release|Win32
		{62CED551-FD75-48B8-BB2C-DE2C93C24595}.Release|Win32.Build.0 = Release|Win32
		{62CED551-FD75-48B8-BB2C-DE2C93C24595}.Release|x64.ActiveCfg = Release|x64
		{62CED551-FD75-48B8-BB2C-DE2C93C24595}.Release|x64.Build.0 = Release|x64
		{BE5B5E55-D115-431A-9F7C-BFADC0650565}.BoundsChecker|Mixed Platforms.ActiveCfg = Release|x64
		{BE5B5E55-D115-431A-9F7C-BFADC0650565}.BoundsChecker|Mixed Platforms.Build.0 = Release|x64
		{BE5B5E55-D115-431A-9F7C-BFADC0650565}.BoundsChecker|Win32.ActiveCfg = Release|Win32
		{BE5B5E55-D115-431A-9F7C-BFADC0650565}.BoundsChecker|Win32.Build.0 = Release|Win32
		{BE5B5E55-D115-431A-9F7C-BFADC0650565}.BoundsChecker|x64.ActiveCfg = Release|x64
		{BE5B5E55-D115-431A-9F7C-BFADC0650565}.BoundsChecker|x64.Build.0 = Release|x64
		{BE5B5E55-D115-431A-9F7C-BFADC0650565}.Debug|Mixed Platforms.ActiveCfg = Debug|x64
		{BE5B5E55-D115-431A-9F7C-BFADC0650565}.Debug|Mixed Platforms.Build.0 = Debug|x64
		{BE5B5E55-D115-431A-9F7C-BFADC0650565}.Debug|Win32.ActiveCfg = Debug|Win32
		{BE5B5E55-D115-431A-9F7C-BFADC0650565}.Debug|Win32.Build.0 = Debug|Win32
		{BE5B5E55-D115-431A-9F7C-BFADC0650565}.Debug|x64.ActiveCfg = Debug|x64
		{BE5B5E55-D115-431A-9F7C-BFADC0650565}.Debug|x64.Build.0 = Debug|x64
		{BE5B5E55-D115-431A-9F7C-BFADC0650565}.Release|Mixed Platforms.ActiveCfg = Release|x64
		{BE5B5E55-D115-431A-9F7C-BFADC0650565}.Release|Mixed Platforms.Build.0 = Release|x64
		{BE5B5E55-D115-431A-9F7C-BFADC0650565}.Release|Win32.ActiveCfg = Release|Win32
		{BE5B5E55-D115-431A-9F7C-BFADC0650565}.Release|Win32.Build.0 = Release|Win32
		{BE5B5E55-D115-431A-9F7C-BFADC0650565}.Release|x64.ActiveCfg = Release|x64
		{BE5B5E55-D115-431A-9F7C-BFADC0650565}.Release|x64.Build.0 = Release|x64
		{FD3DE444-80B9-4B36-937A-3C2D48508562}.BoundsChecker|Mixed Platforms.ActiveCfg = Release|x64
		{FD3DE444-80B9-4B36-937A-3C2D48508562}.BoundsChecker|Mixed Platforms.Build.0 = Release|x64
		{FD3DE444-80B9-4B36-937A-3C2D48508562}.BoundsChecker|Win32.ActiveCfg = Release|Win32
		{FD3DE444-80B9-4B36-937A-3C2D48508562}.BoundsChecker|Win32.Build.0 = Release|Win32
		{FD3DE444-80B9-4B36-937A-3C2D48508562}.BoundsChecker|x64.ActiveCfg = Release|x64
		{FD3DE444-80B9-4B36-937A-3C2D48508562}.BoundsChecker|x64.Build.0 = Release|x64
		{FD3DE444-80B9-4B36-937A-3C2D48508562}.Debug|Mixed Platforms.ActiveCfg = Debug|x64
		{FD3DE444-80B9-4B36-937A-3C2D48508562}.Debug|Mixed Platforms.Build.0 = Debug|x64
		{FD3DE444-80B9-4B36-937A-3C2D48508562}.Debug|Win32.ActiveCfg = Debug|Win32
		{FD3DE444-80B9-4B36-937A-3C2D48508562}.Debug|Win32.Build.0 = Debug|Win32
		{FD3DE444-80B9-4B36-937A-3C2D48508562}.Debug|x64.ActiveCfg = Debug|x64
		{FD3DE444-80B9-4B36-937A-3C2D48508562}.Debug|x64.Build.0 = Debug|x64
		{FD3DE444-80B9-4B36-937A-3C2D48508562}.Release|Mixed Platforms.ActiveCfg = Release|x64
		{FD3DE444-80B9-4B36-937A-3C2D48508562}.Release|Mixed Platforms.Build.0 = Release|x64
		{FD3DE444-80B9-4B36-937A-3C2D48508562}.Release|Win32.ActiveCfg = Release|Win32
		{FD3DE444-80B9-4B36-937A-3C2D48508562}.Release|Win32.Build.0 = Release|Win32
		{FD3DE444-80B9-4B36-937A-3C2D48508562}.Release|x64.ActiveCfg = Release|x64
		{FD3DE444-80B9-4B36-937A-3C2D48508562}.Release|x64.Build.0 = Release|x64
		{4E2D6977-209E-46A1-9B1E-51A0EB8778C9}.BoundsChecker|Mixed Platforms.ActiveCfg = Debug|x64
		{4E2D6977-209E-46A1-9B1E-51A0EB8778C9}.BoundsChecker|Mixed Platforms.Build.0 = Debug|x64
		{4E2D6977-209E-46A1-9B1E-51A0EB8778C9}.BoundsChecker|Win32.ActiveCfg = Debug|Win32
		{4E2D6977-209E-46A1-9B1E-51A0EB8778C9}.BoundsChecker|Win32.Build.0 = Debug|Win32
		{4E2D6977-209E-46A1-9B1E-51A0EB8778C9}.BoundsChecker|x64.ActiveCfg = Debug|x64
		{4E2D6977-209E-46A1-9B1E-51A0EB8778C9}.BoundsChecker|x64.Build.0 = Debug|x64
		{4E2D6977-209E-46A1-9B1E-51A0EB8778C9}.Debug|Mixed Platforms.ActiveCfg = Debug|x64
		{4E2D6977-209E-46A1-9B1E-51A0EB8778C9}.Debug|Mixed Platforms.Build.0 = Debug|x64
		{4E2D6977-209E-46A1-9B1E-51A0EB8778C9}.Debug|Win32.ActiveCfg = Debug|Win32
		{4E2D6977-209E-46A1-9B1E-51A0EB8778C9}.Debug|Win32.Build.0 = Debug|Win32
		{4E2D6977-209E-46A1-9B1E-51A0EB8778C9}.Debug|x64.ActiveCfg = Debug|x64
		{4E2D6977-209E-46A1-9B1E-51A0EB8778C9}.Debug|x64.Build.0 = Debug|x64
		{4E2D6977-209E-46A1-9B1E-51A0EB8778C9}.Release|Mixed Platforms.ActiveCfg = Release|x64
		{4E2D6977-209E-46A1-9B1E-51A0EB8778C9}.Release|Mixed Platforms.Build.0 = Release|x64
		{4E2D6977-209E-46A1-9B1E-51A0EB8778C9}.Release|Win32.ActiveCfg = Release|Win32
		{4E2D6977-209E-46A1-9B1E-51A0EB8778C9}.Release|Win32.Build.0 = Release|Win32
		{4E2D6977-209E-46A1-9B1E-51A0EB8778C9}.Release|x64.ActiveCfg = Release|x64
		{4E2D6977-209E-46A1-9B1E-51A0EB8778C9}.Release|x64.Build.0 = Release|x64
		{E3FF808B-82A5-4689-AD4A-1BE1745D96AF}.BoundsChecker|Mixed Platforms.ActiveCfg = Debug|x64
		{E3FF808B-82A5-4689-AD4A-1BE1745D96AF}.BoundsChecker|Mixed Platforms.Build.0 = Debug|x64
		{E3FF808B-82A5-4689-AD4A-1BE1745D96AF}.BoundsChecker|Win32.ActiveCfg = Debug|Win32
		{E3FF808B-82A5-4689-AD4A-1BE1745D96AF}.BoundsChecker|Win32.Build.0 = Debug|Win32
		{E3FF808B-82A5-4689-AD4A-1BE1745D96AF}.BoundsChecker|x64.ActiveCfg = Debug|x64
		{E3FF808B-82A5-4689-AD4A-1BE1745D96AF}.BoundsChecker|x64.Build.0 = Debug|x64
		{E3FF808B-82A5-4689-AD4A-1BE1745D96AF}.Debug|Mixed Platforms.ActiveCfg = Debug|x64
		{E3FF808B-82A5-4689-AD4A-1BE1745D96AF}.Debug|Mixed Platforms.Build.0 = Debug|x64
		{E3FF808B-82A5-4689-AD4A-1BE1745D96AF}.Debug|Win32.ActiveCfg = Debug|Win32
		{E3FF808B-82A5-4689-AD4A-1BE1745D96AF}.Debug|Win32.Build.0 = Debug|Win32
		{E3FF808B-82A5-4689-AD4A-1BE1745D96AF}.Debug|x64.ActiveCfg = Debug|x64
		{E3FF808B-82A5-4689-AD4A-1BE1745D96AF}.Debug|x64.Build.0 = Debug|x64
		{E3FF808B-82A5-4689-AD4A-1BE1745D96AF}.Release|Mixed Platforms.ActiveCfg = Release|x64
		{E3FF808B-82A5-4689-AD4A-1BE1745D96AF}.Release|Mixed Platforms.Build.0 = Release|x64
		{E3FF808B-82A5-4689-AD4A-1BE1745D96AF}.Release|Win32.ActiveCfg = Release|Win32
		{E3FF808B-82A5-4689-AD4A-1BE1745D96AF}.Release|Win32.Build.0 = Release|Win32
		{E3FF808B-82A5-4689-AD4A-1BE1745D96AF}.Release|x64.ActiveCfg = Release|x64
		{E3FF808B-82A5-4689-AD4A-1BE1745D96AF}.Release|x64.Build.0 = Release|x64
		{2F313F28-FC10-44A1-855B-09522D16E95B}.BoundsChecker|Mixed Platforms.ActiveCfg = Release|x64
		{2F313F28-FC10-44A1-855B-09522D16E95B}.BoundsChecker|Mixed Platforms.Build.0 = Release|x64
		{2F313F28-FC10-44A1-855B-09522D16E95B}.BoundsChecker|Win32.ActiveCfg = Release|Win32
		{2F313F28-FC10-44A1-855B-09522D16E95B}.BoundsChecker|Win32.Build.0 = Release|Win32
		{2F313F28-FC10-44A1-855B-09522D16E95B}.BoundsChecker|x64.ActiveCfg = Release|x64
		{2F313F28-FC10-44A1-855B-09522D16E95B}.BoundsChecker|x64.Build.0 = Release|x64
		{2F313F28-FC10-44A1-855B-09522D16E95B}.Debug|Mixed Platforms.ActiveCfg = Debug|x64
		{2F313F28-FC10-44A1-855B-09522D16E95B}.Debug|Mixed Platforms.Build.0 = Debug|x64
		{2F313F28-FC10-44A1-855B-09522D16E95B}.Debug|Win32.ActiveCfg = Debug|Win32
		{2F313F28-FC10-44A1-855B-09522D16E95B}.Debug|Win32.Build.0 = Debug|Win32
		{2F313F28-FC10-44A1-855B-09522D16E95B}.Debug|x64.ActiveCfg = Debug|x64
		{2F313F28-FC10-44A1-855B-09522D16E95B}.Debug|x64.Build.0 = Debug|x64
		{2F313F28-FC10-44A1-855B-09522D16E95B}.Release|Mixed Platforms.ActiveCfg = Release|x64
		{2F313F28-FC10-44A1-855B-09522D16E95B}.Release|Mixed Platforms.Build.0 = Release|x64
		{2F313F28-FC10-44A1-855B-09522D16E95B}.Release|Win32.ActiveCfg = Release|Win32
		{2F313F28-FC10-44A1-855B-09522D16E95B}.Release|Win32.Build.0 = Release|Win32
		{2F313F28-FC10-44A1-855B-09522D16E95B}.Release|x64.ActiveCfg = Release|x64
		{2F313F28-FC10-44A1-855B-09522D16E95B}.Release|x64.Build.0 = Release|x64
		{29EBC3F4-187D-47B6-9106-5FAE3511869D}.BoundsChecker|Mixed Platforms.ActiveCfg = Release|x64
		{29EBC3F4-187D-47B6-9106-5FAE3511869D}.BoundsChecker|Mixed Platforms.Build.0 = Release|x64
		{29EBC3F4-187D-47B6-9106-5FAE3511869D}.BoundsChecker|Win32.ActiveCfg = Release|Win32
		{29EBC3F4-187D-47B6-9106-5FAE3511869D}.BoundsChecker|Win32.Build.0 = Release|Win32
		{29EBC3F4-187D-47B6-9106-5FAE3511869D}.BoundsChecker|x64.ActiveCfg = Release|x64
		{29EBC3F4-187D-47B6-9106-5FAE3511869D}.BoundsChecker|x64.Build.0 = Release|x64
		{29EBC3F4-187D-47B6-9106-5FAE3511869D}.Debug|Mixed Platforms.ActiveCfg = Debug|x64
		{29EBC3F4-187D-47B6-9106-5FAE3511869D}.Debug|Mixed Platforms.Build.0 = Debug|x64
		{29EBC3F4-187D-47B6-9106-5FAE3511869D}.Debug|Win32.ActiveCfg = Debug|Win32
		{29EBC3F4-187D-47B6-9106-5FAE3511869D}.Debug|Win32.Build.0 = Debug|Win32
		{29EBC3F4-187D-47B6-9106-5FAE3511869D}.Debug|x64.ActiveCfg = Debug|x64
		{29EBC3F4-187D-47B6-9106-5FAE3511869D}.Debug|x64.Build.0 = Debug|x64
		{29EBC3F4-187D-47B6-9106-5FAE3511869D}.Release|Mixed Platforms.ActiveCfg = Release|x64
		{29EBC3F4-187D-47B6-9106-5FAE3511869D}.Release|Mixed Platforms.Build.0 = Release|x64
		{29EBC3F4-187D-47B6-9106-5FAE3511869D}.Release|Win32.ActiveCfg = Release|Win32
		{29EBC3F4-187D-47B6-9106-5FAE3511869D}.Release|Win32.Build.0 = Release|Win32
		{29EBC3F4-187D-47B6-9106-5FAE3511869D}.Release|x64.ActiveCfg = Release|x64
		{29EBC3F4-187D-47B6-9106-5FAE3511869D}.Release|x64.Build.0 = Release|x64
		{F0A5D0C6-2123-444D-BF0B-E1406F782FB9}.BoundsChecker|Mixed Platforms.ActiveCfg = BoundsChecker|x64
		{F0A5D0C6-2123-444D-BF0B-E1406F782FB9}.BoundsChecker|Mixed Platforms.Build.0 = BoundsChecker|x64
		{F0A5D0C6-2123-444D-BF0B-E1406F782FB9}.BoundsChecker|Win32.ActiveCfg = BoundsChecker|Win32
		{F0A5D0C6-2123-444D-BF0B-E1406F782FB9}.BoundsChecker|Win32.Build.0 = BoundsChecker|Win32
		{F0A5D0C6-2123-444D-BF0B-E1406F782FB9}.BoundsChecker|x64.ActiveCfg = BoundsChecker|x64
		{F0A5D0C6-2123-444D-BF0B-E1406F782FB9}.BoundsChecker|x64.Build.0 = BoundsChecker|x64
		{F0A5D0C6-2123-444D-BF0B-E1406F782FB9}.Debug|Mixed Platforms.ActiveCfg = Debug|x64
		{F0A5D0C6-2123-444D-BF0B-E1406F782FB9}.Debug|Mixed Platforms.Build.0 = Debug|x64
		{F0A5D0C6-2123-444D-BF0B-E1406F782FB9}.Debug|Win32.ActiveCfg = Debug|Win32
		{F0A5D0C6-2123-444D-BF0B-E1406F782FB9}.Debug|Win32.Build.0 = Debug|Win32
		{F0A5D0C6-2123-444D-BF0B-E1406F782FB9}.Debug|x64.ActiveCfg = Debug|x64
		{F0A5D0C6-2123-444D-BF0B-E1406F782FB9}.Debug|x64.Build.0 = Debug|x64
		{F0A5D0C6-2123-444D-BF0B-E1406F782FB9}.Release|Mixed Platforms.ActiveCfg = Release|x64
		{F0A5D0C6-2123-444D-BF0B-E1406F782FB9}.Release|Mixed Platforms.Build.0 = Release|x64
		{F0A5D0C6-2123-444D-BF0B-E1406F782FB9}.Release|Win32.ActiveCfg = Release|Win32
		{F0A5D0C6-2123-444D-BF0B-E1406F782FB9}.Release|Win32.Build.0 = Release|Win32
		{F0A5D0C6-2123-444D-BF0B-E1406F782FB9}.Release|x64.ActiveCfg = Release|x64
		{F0A5D0C6-2123-444D-BF0B-E1406F782FB9}.Release|x64.Build.0 = Release|x64
		{7A2F1271-2B36-41C9-A987-5E56EC7EA814}.BoundsChecker|Mixed Platforms.ActiveCfg = Release|x64
		{7A2F1271-2B36-41C9-A987-5E56EC7EA814}.BoundsChecker|Mixed Platforms.Build.0 = Release|x64
		{7A2F1271-2B36-41C9-A987-5E56EC7EA814}.BoundsChecker|Win32.ActiveCfg = Release|Win32
		{7A2F1271-2B36-41C9-A987-5E56EC7EA814}.BoundsChecker|Win32.Build.0 = Release|Win32
		{7A2F1271-2B36-41C9-A987-5E56EC7EA814}.BoundsChecker|x64.ActiveCfg = Release|x64
		{7A2F1271-2B36-41C9-A987-5E56EC7EA814}.BoundsChecker|x64.Build.0 = Release|x64
		{7A2F1271-2B36-41C9-A987-5E56EC7EA814}.Debug|Mixed Platforms.ActiveCfg = Debug|x64
		{7A2F1271-2B36-41C9-A987-5E56EC7EA814}.Debug|Mixed Platforms.Build.0 = Debug|x64
		{7A2F1271-2B36-41C9-A987-5E56EC7EA814}.Debug|Win32.ActiveCfg = Debug|Win32
		{7A2F1271-2B36-41C9-A987-5E56EC7EA814}.Debug|Win32.Build.0 = Debug|Win32
		{7A2F1271-2B36-41C9-A987-5E56EC7EA814}.Debug|x64.ActiveCfg = Debug|x64
		{7A2F1271-2B36-41C9-A987-5E56EC7EA814}.Debug|x64.Build.0 = Debug|x64
		{7A2F1271-2B36-41C9-A987-5E56EC7EA814}.Release|Mixed Platforms.ActiveCfg = Release|x64
		{7A2F1271-2B36-41C9-A987-5E56EC7EA814}.Release|Mixed Platforms.Build.0 = Release|x64
		{7A2F1271-2B36-41C9-A987-5E56EC7EA814}.Release|Win32.ActiveCfg = Release|Win32
		{7A2F1271-2B36-41C9-A987-5E56EC7EA814}.Release|Win32.Build.0 = Release|Win32
		{7A2F1271-2B36-41C9-A987-5E56EC7EA814}.Release|x64.ActiveCfg = Release|x64
		{7A2F1271-2B36-41C9-A987-5E56EC7EA814}.Release|x64.Build.0 = Release|x64
		{7D0D7DAD-24E5-4439-9623-2BB46F8AAFC6}.BoundsChecker|Mixed Platforms.ActiveCfg = Debug|x64
		{7D0D7DAD-24E5-4439-9623-2BB46F8AAFC6}.BoundsChecker|Mixed Platforms.Build.0 = Debug|x64
		{7D0D7DAD-24E5-4439-9623-2BB46F8AAFC6}.BoundsChecker|Win32.ActiveCfg = Debug|Win32
		{7D0D7DAD-24E5-4439-9623-2BB46F8AAFC6}.BoundsChecker|Win32.Build.0 = Debug|Win32
		{7D0D7DAD-24E5-4439-9623-2BB46F8AAFC6}.BoundsChecker|x64.ActiveCfg = Debug|x64
		{7D0D7DAD-24E5-4439-9623-2BB46F8AAFC6}.BoundsChecker|x64.Build.0 = Debug|x64
		{7D0D7DAD-24E5-4439-9623-2BB46F8AAFC6}.Debug|Mixed Platforms.ActiveCfg = Debug|x64
		{7D0D7DAD-24E5-4439-9623-2BB46F8AAFC6}.Debug|Mixed Platforms.Build.0 = Debug|x64
		{7D0D7DAD-24E5-4439-9623-2BB46F8AAFC6}.Debug|Win32.ActiveCfg = Debug|Win32
		{7D0D7DAD-24E5-4439-9623-2BB46F8AAFC6}.Debug|Win32.Build.0 = Debug|Win32
		{7D0D7DAD-24E5-4439-9623-2BB46F8AAFC6}.Debug|x64.ActiveCfg = Debug|x64
		{7D0D7DAD-24E5-4439-9623-2BB46F8AAFC6}.Debug|x64.Build.0 = Debug|x64
		{7D0D7DAD-24E5-4439-9623-2BB46F8AAFC6}.Release|Mixed Platforms.ActiveCfg = Release|x64
		{7D0D7DAD-24E5-4439-9623-2BB46F8AAFC6}.Release|Mixed Platforms.Build.0 = Release|x64
		{7D0D7DAD-24E5-4439-9623-2BB46F8AAFC6}.Release|Win32.ActiveCfg = Release|Win32
		{7D0D7DAD-24E5-4439-9623-2BB46F8AAFC6}.Release|Win32.Build.0 = Release|Win32
		{7D0D7DAD-24E5-4439-9623-2BB46F8AAFC6}.Release|x64.ActiveCfg = Release|x64
		{7D0D7DAD-24E5-4439-9623-2BB46F8AAFC6}.Release|x64.Build.0 = Release|x64
		{5F45F30B-E373-43BC-9F4F-5FB3D900BB86}.BoundsChecker|Mixed Platforms.ActiveCfg = Debug|x64
		{5F45F30B-E373-43BC-9F4F-5FB3D900BB86}.BoundsChecker|Mixed Platforms.Build.0 = Debug|x64
		{5F45F30B-E373-43BC-9F4F-5FB3D900BB86}.BoundsChecker|Win32.ActiveCfg = Debug|Win32
		{5F45F30B-E373-43BC-9F4F-5FB3D900BB86}.BoundsChecker|Win32.Build.0 = Debug|Win32
		{5F45F30B-E373-43BC-9F4F-5FB3D900BB86}.BoundsChecker|x64.ActiveCfg = Debug|x64
		{5F45F30B-E373-43BC-9F4F-5FB3D900BB86}.BoundsChecker|x64.Build.0 = Debug|x64
		{5F45F30B-E373-43BC-9F4F-5FB3D900BB86}.Debug|Mixed Platforms.ActiveCfg = Debug|x64
		{5F45F30B-E373-43BC-9F4F-5FB3D900BB86}.Debug|Mixed Platforms.Build.0 = Debug|x64
		{5F45F30B-E373-43BC-9F4F-5FB3D900BB86}.Debug|Win32.ActiveCfg = Debug|Win32
		{5F45F30B-E373-43BC-9F4F-5FB3D900BB86}.Debug|Win32.Build.0 = Debug|Win32
		{5F45F30B-E373-43BC-9F4F-5FB3D900BB86}.Debug|x64.ActiveCfg = Debug|x64
		{5F45F30B-E373-43BC-9F4F-5FB3D900BB86}.Debug|x64.Build.0 = Debug|x64
		{5F45F30B-E373-43BC-9F4F-5FB3D900BB86}.Release|Mixed Platforms.ActiveCfg = Release|x64
		{5F45F30B-E373-43BC-9F4F-5FB3D900BB86}.Release|Mixed Platforms.Build.0 = Release|x64
		{5F45F30B-E373-43BC-9F4F-5FB3D900BB86}.Release|Win32.ActiveCfg = Release|Win32
		{5F45F30B-E373-43BC-9F4F-5FB3D900BB86}.Release|Win32.Build.0 = Release|Win32
		{5F45F30B-E373-43BC-9F4F-5FB3D900BB86}.Release|x64.ActiveCfg = Release|x64
		{5F45F30B-E373-43BC-9F4F-5FB3D900BB86}.Release|x64.Build.0 = Release|x64
		{243D6218-A649-4BE1-8AE3-C8ED87B29808}.BoundsChecker|Mixed Platforms.ActiveCfg = Release|x64
		{243D6218-A649-4BE1-8AE3-C8ED87B29808}.BoundsChecker|Mixed Platforms.Build.0 = Release|x64
		{243D6218-A649-4BE1-8AE3-C8ED87B29808}.BoundsChecker|Win32.ActiveCfg = Release|Win32
		{243D6218-A649-4BE1-8AE3-C8ED87B29808}.BoundsChecker|Win32.Build.0 = Release|Win32
		{243D6218-A649-4BE1-8AE3-C8ED87B29808}.BoundsChecker|x64.ActiveCfg = Release|x64
		{243D6218-A649-4BE1-8AE3-C8ED87B29808}.BoundsChecker|x64.Build.0 = Release|x64
		{243D6218-A649-4BE1-8AE3-C8ED87B29808}.Debug|Mixed Platforms.ActiveCfg = Debug|x64
		{243D6218-A649-4BE1-8AE3-C8ED87B29808}.Debug|Mixed Platforms.Build.0 = Debug|x64
		{243D6218-A649-4BE1-8AE3-C8ED87B29808}.Debug|Win32.ActiveCfg = Debug|Win32
		{243D6218-A649-4BE1-8AE3-C8ED87B29808}.Debug|Win32.Build.0 = Debug|Win32
		{243D6218-A649-4BE1-8AE3-C8ED87B29808}.Debug|x64.ActiveCfg = Debug|x64
		{243D6218-A649-4BE1-8AE3-C8ED87B29808}.Debug|x64.Build.0 = Debug|x64
		{243D6218-A649-4BE1-8AE3-C8ED87B29808}.Release|Mixed Platforms.ActiveCfg = Release|x64
		{243D6218-A649-4BE1-8AE3-C8ED87B29808}.Release|Mixed Platforms.Build.0 = Release|x64
		{243D6218-A649-4BE1-8AE3-C8ED87B29808}.Release|Win32.ActiveCfg = Release|Win32
		{243D6218-A649-4BE1-8AE3-C8ED87B29808}.Release|Win32.Build.0 = Release|Win32
		{243D6218-A649-4BE1-8AE3-C8ED87B29808}.Release|x64.ActiveCfg = Release|x64
		{243D6218-A649-4BE1-8AE3-C8ED87B29808}.Release|x64.Build.0 = Release|x64
		{44409EAF-B6FE-4760-B888-2D949AE8C6B7}.BoundsChecker|Mixed Platforms.ActiveCfg = Debug|x64
		{44409EAF-B6FE-4760-B888-2D949AE8C6B7}.BoundsChecker|Mixed Platforms.Build.0 = Debug|x64
		{44409EAF-B6FE-4760-B888-2D949AE8C6B7}.BoundsChecker|Win32.ActiveCfg = Debug|Win32
		{44409EAF-B6FE-4760-B888-2D949AE8C6B7}.BoundsChecker|Win32.Build.0 = Debug|Win32
		{44409EAF-B6FE-4760-B888-2D949AE8C6B7}.BoundsChecker|x64.ActiveCfg = Debug|x64
		{44409EAF-B6FE-4760-B888-2D949AE8C6B7}.BoundsChecker|x64.Build.0 = Debug|x64
		{44409EAF-B6FE-4760-B888-2D949AE8C6B7}.Debug|Mixed Platforms.ActiveCfg = Debug|x64
		{44409EAF-B6FE-4760-B888-2D949AE8C6B7}.Debug|Mixed Platforms.Build.0 = Debug|x64
		{44409EAF-B6FE-4760-B888-2D949AE8C6B7}.Debug|Win32.ActiveCfg = Debug|Win32
		{44409EAF-B6FE-4760-B888-2D949AE8C6B7}.Debug|Win32.Build.0 = Debug|Win32
		{44409EAF-B6FE-4760-B888-2D949AE8C6B7}.Debug|x64.ActiveCfg = Debug|x64
		{44409EAF-B6FE-4760-B888-2D949AE8C6B7}.Debug|x64.Build.0 = Debug|x64
		{44409EAF-B6FE-4760-B888-2D949AE8C6B7}.Release|Mixed Platforms.ActiveCfg = Release|x64
		{44409EAF-B6FE-4760-B888-2D949AE8C6B7}.Release|Mixed Platforms.Build.0 = Release|x64
		{44409EAF-B6FE-4760-B888-2D949AE8C6B7}.Release|Win32.ActiveCfg = Release|Win32
		{44409EAF-B6FE-4760-B888-2D949AE8C6B7}.Release|Win32.Build.0 = Release|Win32
		{44409EAF-B6FE-4760-B888-2D949AE8C6B7}.Release|x64.ActiveCfg = Release|x64
		{44409EAF-B6FE-4760-B888-2D949AE8C6B7}.Release|x64.Build.0 = Release|x64
		{3EE153BF-AA07-4929-8FA5-3687BB168071}.BoundsChecker|Mixed Platforms.ActiveCfg = Debug|x64
		{3EE153BF-AA07-4929-8FA5-3687BB168071}.BoundsChecker|Mixed Platforms.Build.0 = Debug|x64
		{3EE153BF-AA07-4929-8FA5-3687BB168071}.BoundsChecker|Win32.ActiveCfg = Debug|Win32
		{3EE153BF-AA07-4929-8FA5-3687BB168071}.BoundsChecker|Win32.Build.0 = Debug|Win32
		{3EE153BF-AA07-4929-8FA5-3687BB168071}.BoundsChecker|x64.ActiveCfg = Debug|x64
		{3EE153BF-AA07-4929-8FA5-3687BB168071}.BoundsChecker|x64.Build.0 = Debug|x64
		{3EE153BF-AA07-4929-8FA5-3687BB168071}.Debug|Mixed Platforms.ActiveCfg = Debug|x64
		{3EE153BF-AA07-4929-8FA5-3687BB168071}.Debug|Mixed Platforms.Build.0 = Debug|x64
		{3EE153BF-AA07-4929-8FA5-3687BB168071}.Debug|Win32.ActiveCfg = Debug|Win32
		{3EE153BF-AA07-4929-8FA5-3687BB168071}.Debug|Win32.Build.0 = Debug|Win32
		{3EE153BF-AA07-4929-8FA5-3687BB168071}.Debug|x64.ActiveCfg = Debug|x64
		{3EE153BF-AA07-4929-8FA5-3687BB168071}.Debug|x64.Build.0 = Debug|x64
		{3EE153BF-AA07-4929-8FA5-3687BB168071}.Release|Mixed Platforms.ActiveCfg = Release|x64
		{3EE153BF-AA07-4929-8FA5-3687BB168071}.Release|Mixed Platforms.Build.0 = Release|x64
		{3EE153BF-AA07-4929-8FA5-3687BB168071}.Release|Win32.ActiveCfg = Release|Win32
		{3EE153BF-AA07-4929-8FA5-3687BB168071}.Release|Win32.Build.0 = Release|Win32
		{3EE153BF-AA07-4929-8FA5-3687BB168071}.Release|x64.ActiveCfg = Release|x64
		{3EE153BF-AA07-4929-8FA5-3687BB168071}.Release|x64.Build.0 = Release|x64
		{B5C3BCA5-F481-48E6-9BAC-BAF53BC10744}.BoundsChecker|Mixed Platforms.ActiveCfg = Release|x64
		{B5C3BCA5-F481-48E6-9BAC-BAF53BC10744}.BoundsChecker|Mixed Platforms.Build.0 = Release|x64
		{B5C3BCA5-F481-48E6-9BAC-BAF53BC10744}.BoundsChecker|Win32.ActiveCfg = Release|Win32
		{B5C3BCA5-F481-48E6-9BAC-BAF53BC10744}.BoundsChecker|Win32.Build.0 = Release|Win32
		{B5C3BCA5-F481-48E6-9BAC-BAF53BC10744}.BoundsChecker|x64.ActiveCfg = Release|x64
		{B5C3BCA5-F481-48E6-9BAC-BAF53BC10744}.BoundsChecker|x64.Build.0 = Release|x64
		{B5C3BCA5-F481-48E6-9BAC-BAF53BC10744}.Debug|Mixed Platforms.ActiveCfg = Debug|x64
		{B5C3BCA5-F481-48E6-9BAC-BAF53BC10744}.Debug|Mixed Platforms.Build.0 = Debug|x64
		{B5C3BCA5-F481-48E6-9BAC-BAF53BC10744}.Debug|Win32.ActiveCfg = Debug|Win32
		{B5C3BCA5-F481-48E6-9BAC-BAF53BC10744}.Debug|Win32.Build.0 = Debug|Win32
		{B5C3BCA5-F481-48E6-9BAC-BAF53BC10744}.Debug|x64.ActiveCfg = Debug|x64
		{B5C3BCA5-F481-48E6-9BAC-BAF53BC10744}.Debug|x64.Build.0 = Debug|x64
		{B5C3BCA5-F481-48E6-9BAC-BAF53BC10744}.Release|Mixed Platforms.ActiveCfg = Release|x64
		{B5C3BCA5-F481-48E6-9BAC-BAF53BC10744}.Release|Mixed Platforms.Build.0 = Release|x64
		{B5C3BCA5-F481-48E6-9BAC-BAF53BC10744}.Release|Win32.ActiveCfg = Release|Win32
		{B5C3BCA5-F481-48E6-9BAC-BAF53BC10744}.Release|Win32.Build.0 = Release|Win32
		{B5C3BCA5-F481-48E6-9BAC-BAF53BC10744}.Release|x64.ActiveCfg = Release|x64
		{B5C3BCA5-F481-48E6-9BAC-BAF53BC10744}.Release|x64.Build.0 = Release|x64
		{1EC0443E-6826-4E37-AB54-04D57B3EE289}.BoundsChecker|Mixed Platforms.ActiveCfg = Debug|x64
		{1EC0443E-6826-4E37-AB54-04D57B3EE289}.BoundsChecker|Mixed Platforms.Build.0 = Debug|x64
		{1EC0443E-6826-4E37-AB54-04D57B3EE289}.BoundsChecker|Win32.ActiveCfg = Debug|Win32
		{1EC0443E-6826-4E37-AB54-04D57B3EE289}.BoundsChecker|Win32.Build.0 = Debug|Win32
		{1EC0443E-6826-4E37-AB54-04D57B3EE289}.BoundsChecker|x64.ActiveCfg = Debug|x64
		{1EC0443E-6826-4E37-AB54-04D57B3EE289}.BoundsChecker|x64.Build.0 = Debug|x64
		{1EC0443E-6826-4E37-AB54-04D57B3EE289}.Debug|Mixed Platforms.ActiveCfg = Debug|x64
		{1EC0443E-6826-4E37-AB54-04D57B3EE289}.Debug|Mixed Platforms.Build.0 = Debug|x64
		{1EC0443E-6826-4E37-AB54-04D57B3EE289}.Debug|Win32.ActiveCfg = Debug|Win32
		{1EC0443E-6826-4E37-AB54-04D57B3EE289}.Debug|Win32.Build.0 = Debug|Win32
		{1EC0443E-6826-4E37-AB54-04D57B3EE289}.Debug|x64.ActiveCfg = Debug|x64
		{1EC0443E-6826-4E37-AB54-04D57B3EE289}.Debug|x64.Build.0 = Debug|x64
		{1EC0443E-6826-4E37-AB54-04D57B3EE289}.Release|Mixed Platforms.ActiveCfg = Release|x64
		{1EC0443E-6826-4E37-AB54-04D57B3EE289}.Release|Mixed Platforms.Build.0 = Release|x64
		{1EC0443E-6826-4E37-AB54-04D57B3EE289}.Release|Win32.ActiveCfg = Release|Win32
		{1EC0443E-6826-4E37-AB54-04D57B3EE289}.Release|Win32.Build.0 = Release|Win32
		{1EC0443E-6826-4E37-AB54-04D57B3EE289}.Release|x64.ActiveCfg = Release|x64
		{1EC0443E-6826-4E37-AB54-04D57B3EE289}.Release|x64.Build.0 = Release|x64
		{09FEBE12-DBAE-4734-85E6-272059450B85}.BoundsChecker|Mixed Platforms.ActiveCfg = Release|x64
		{09FEBE12-DBAE-4734-85E6-272059450B85}.BoundsChecker|Mixed Platforms.Build.0 = Release|x64
		{09FEBE12-DBAE-4734-85E6-272059450B85}.BoundsChecker|Win32.ActiveCfg = Release|Win32
		{09FEBE12-DBAE-4734-85E6-272059450B85}.BoundsChecker|Win32.Build.0 = Release|Win32
		{09FEBE12-DBAE-4734-85E6-272059450B85}.BoundsChecker|x64.ActiveCfg = Release|x64
		{09FEBE12-DBAE-4734-85E6-272059450B85}.BoundsChecker|x64.Build.0 = Release|x64
		{09FEBE12-DBAE-4734-85E6-272059450B85}.Debug|Mixed Platforms.ActiveCfg = Debug|x64
		{09FEBE12-DBAE-4734-85E6-272059450B85}.Debug|Mixed Platforms.Build.0 = Debug|x64
		{09FEBE12-DBAE-4734-85E6-272059450B85}.Debug|Win32.ActiveCfg = Debug|Win32
		{09FEBE12-DBAE-4734-85E6-272059450B85}.Debug|Win32.Build.0 = Debug|Win32
		{09FEBE12-DBAE-4734-85E6-272059450B85}.Debug|x64.ActiveCfg = Debug|x64
		{09FEBE12-DBAE-4734-85E6-272059450B85}.Debug|x64.Build.0 = Debug|x64
		{09FEBE12-DBAE-4734-85E6-272059450B85}.Release|Mixed Platforms.ActiveCfg = Release|x64
		{09FEBE12-DBAE-4734-85E6-272059450B85}.Release|Mixed Platforms.Build.0 = Release|x64
		{09FEBE12-DBAE-4734-85E6-272059450B85}.Release|Win32.ActiveCfg = Release|Win32
		{09FEBE12-DBAE-4734-85E6-272059450B85}.Release|Win32.Build.0 = Release|Win32
		{09FEBE12-DBAE-4734-85E6-272059450B85}.Release|x64.ActiveCfg = Release|x64
		{09FEBE12-DBAE-4734-85E6-272059450B85}.Release|x64.Build.0 = Release|x64
		{222C3D43-6758-4022-90ED-2E2D38575DAD}.BoundsChecker|Mixed Platforms.ActiveCfg = Debug|x64
		{222C3D43-6758-4022-90ED-2E2D38575DAD}.BoundsChecker|Mixed Platforms.Build.0 = Debug|x64
		{222C3D43-6758-4022-90ED-2E2D38575DAD}.BoundsChecker|Win32.ActiveCfg = Debug|Win32
		{222C3D43-6758-4022-90ED-2E2D38575DAD}.BoundsChecker|Win32.Build.0 = Debug|Win32
		{222C3D43-6758-4022-90ED-2E2D38575DAD}.BoundsChecker|x64.ActiveCfg = Debug|x64
		{222C3D43-6758-4022-90ED-2E2D38575DAD}.BoundsChecker|x64.Build.0 = Debug|x64
		{222C3D43-6758-4022-90ED-2E2D38575DAD}.Debug|Mixed Platforms.ActiveCfg = Debug|x64
		{222C3D43-6758-4022-90ED-2E2D38575DAD}.Debug|Mixed Platforms.Build.0 = Debug|x64
		{222C3D43-6758-4022-90ED-2E2D38575DAD}.Debug|Win32.ActiveCfg = Debug|Win32
		{222C3D43-6758-4022-90ED-2E2D38575DAD}.Debug|Win32.Build.0 = Debug|Win32
		{222C3D43-6758-4022-90ED-2E2D38575DAD}.Debug|x64.ActiveCfg = Debug|x64
		{222C3D43-6758-4022-90ED-2E2D38575DAD}.Debug|x64.Build.0 = Debug|x64
		{222C3D43-6758-4022-90ED-2E2D38575DAD}.Release|Mixed Platforms.ActiveCfg = Release|x64
		{222C3D43-6758-4022-90ED-2E2D38575DAD}.Release|Mixed Platforms.Build.0 = Release|x64
		{222C3D43-6758-4022-90ED-2E2D38575DAD}.Release|Win32.ActiveCfg = Release|Win32
		{222C3D43-6758-4022-90ED-2E2D38575DAD}.Release|Win32.Build.0 = Release|Win32
		{222C3D43-6758-4022-90ED-2E2D38575DAD}.Release|x64.ActiveCfg = Release|x64
		{222C3D43-6758-4022-90ED-2E2D38575DAD}.Release|x64.Build.0 = Release|x64
		{7C68D4EE-F3C7-4A8D-A277-028FF6244232}.BoundsChecker|Mixed Platforms.ActiveCfg = Debug|x64
		{7C68D4EE-F3C7-4A8D-A277-028FF6244232}.BoundsChecker|Mixed Platforms.Build.0 = Debug|x64
		{7C68D4EE-F3C7-4A8D-A277-028FF6244232}.BoundsChecker|Win32.ActiveCfg = Debug|Win32
		{7C68D4EE-F3C7-4A8D-A277-028FF6244232}.BoundsChecker|Win32.Build.0 = Debug|Win32
		{7C68D4EE-F3C7-4A8D-A277-028FF6244232}.BoundsChecker|x64.ActiveCfg = Debug|x64
		{7C68D4EE-F3C7-4A8D-A277-028FF6244232}.BoundsChecker|x64.Build.0 = Debug|x64
		{7C68D4EE-F3C7-4A8D-A277-028FF6244232}.Debug|Mixed Platforms.ActiveCfg = Debug|x64
		{7C68D4EE-F3C7-4A8D-A277-028FF6244232}.Debug|Mixed Platforms.Build.0 = Debug|x64
		{7C68D4EE-F3C7-4A8D-A277-028FF6244232}.Debug|Win32.ActiveCfg = Debug|Win32
		{7C68D4EE-F3C7-4A8D-A277-028FF6244232}.Debug|Win32.Build.0 = Debug|Win32
		{7C68D4EE-F3C7-4A8D-A277-028FF6244232}.Debug|x64.ActiveCfg = Debug|x64
		{7C68D4EE-F3C7-4A8D-A277-028FF6244232}.Debug|x64.Build.0 = Debug|x64
		{7C68D4EE-F3C7-4A8D-A277-028FF6244232}.Release|Mixed Platforms.ActiveCfg = Release|x64
		{7C68D4EE-F3C7-4A8D-A277-028FF6244232}.Release|Mixed Platforms.Build.0 = Release|x64
		{7C68D4EE-F3C7-4A8D-A277-028FF6244232}.Release|Win32.ActiveCfg = Release|Win32
		{7C68D4EE-F3C7-4A8D-A277-028FF6244232}.Release|Win32.Build.0 = Release|Win32
		{7C68D4EE-F3C7-4A8D-A277-028FF6244232}.Release|x64.ActiveCfg = Release|x64
		{7C68D4EE-F3C7-4A8D-A277-028FF6244232}.Release|x64.Build.0 = Release|x64
		{6B1F33B4-99AC-4FB1-AFDE-D0A27035DCE6}.BoundsChecker|Mixed Platforms.ActiveCfg = Debug|x64
		{6B1F33B4-99AC-4FB1-AFDE-D0A27035DCE6}.BoundsChecker|Mixed Platforms.Build.0 = Debug|x64
		{6B1F33B4-99AC-4FB1-AFDE-D0A27035DCE6}.BoundsChecker|Win32.ActiveCfg = Debug|Win32
		{6B1F33B4-99AC-4FB1-AFDE-D0A27035DCE6}.BoundsChecker|Win32.Build.0 = Debug|Win32
		{6B1F33B4-99AC-4FB1-AFDE-D0A27035DCE6}.BoundsChecker|x64.ActiveCfg = Debug|x64
		{6B1F33B4-99AC-4FB1-AFDE-D0A27035DCE6}.BoundsChecker|x64.Build.0 = Debug|x64
		{6B1F33B4-99AC-4FB1-AFDE-D0A27035DCE6}.Debug|Mixed Platforms.ActiveCfg = Debug|x64
		{6B1F33B4-99AC-4FB1-AFDE-D0A27035DCE6}.Debug|Mixed Platforms.Build.0 = Debug|x64
		{6B1F33B4-99AC-4FB1-AFDE-D0A27035DCE6}.Debug|Win32.ActiveCfg = Debug|Win32
		{6B1F33B4-99AC-4FB1-AFDE-D0A27035DCE6}.Debug|Win32.Build.0 = Debug|Win32
		{6B1F33B4-99AC-4FB1-AFDE-D0A27035DCE6}.Debug|x64.ActiveCfg = Debug|x64
		{6B1F33B4-99AC-4FB1-AFDE-D0A27035DCE6}.Debug|x64.Build.0 = Debug|x64
		{6B1F33B4-99AC-4FB1-AFDE-D0A27035DCE6}.Release|Mixed Platforms.ActiveCfg = Release|x64
		{6B1F33B4-99AC-4FB1-AFDE-D0A27035DCE6}.Release|Mixed Platforms.Build.0 = Release|x64
		{6B1F33B4-99AC-4FB1-AFDE-D0A27035DCE6}.Release|Win32.ActiveCfg = Release|Win32
		{6B1F33B4-99AC-4FB1-AFDE-D0A27035DCE6}.Release|Win32.Build.0 = Release|Win32
		{6B1F33B4-99AC-4FB1-AFDE-D0A27035DCE6}.Release|x64.ActiveCfg = Release|x64
		{6B1F33B4-99AC-4FB1-AFDE-D0A27035DCE6}.Release|x64.Build.0 = Release|x64
		{1FD3A666-3297-4B68-AB44-6109A8819E90}.BoundsChecker|Mixed Platforms.ActiveCfg = Release|x64
		{1FD3A666-3297-4B68-AB44-6109A8819E90}.BoundsChecker|Mixed Platforms.Build.0 = Release|x64
		{1FD3A666-3297-4B68-AB44-6109A8819E90}.BoundsChecker|Win32.ActiveCfg = Release|Win32
		{1FD3A666-3297-4B68-AB44-6109A8819E90}.BoundsChecker|Win32.Build.0 = Release|Win32
		{1FD3A666-3297-4B68-AB44-6109A8819E90}.BoundsChecker|x64.ActiveCfg = Release|x64
		{1FD3A666-3297-4B68-AB44-6109A8819E90}.BoundsChecker|x64.Build.0 = Release|x64
		{1FD3A666-3297-4B68-AB44-6109A8819E90}.Debug|Mixed Platforms.ActiveCfg = Debug|x64
		{1FD3A666-3297-4B68-AB44-6109A8819E90}.Debug|Mixed Platforms.Build.0 = Debug|x64
		{1FD3A666-3297-4B68-AB44-6109A8819E90}.Debug|Win32.ActiveCfg = Debug|Win32
		{1FD3A666-3297-4B68-AB44-6109A8819E90}.Debug|Win32.Build.0 = Debug|Win32
		{1FD3A666-3297-4B68-AB44-6109A8819E90}.Debug|x64.ActiveCfg = Debug|x64
		{1FD3A666-3297-4B68-AB44-6109A8819E90}.Debug|x64.Build.0 = Debug|x64
		{1FD3A666-3297-4B68-AB44-6109A8819E90}.Release|Mixed Platforms.ActiveCfg = Release|x64
		{1FD3A666-3297-4B68-AB44-6109A8819E90}.Release|Mixed Platforms.Build.0 = Release|x64
		{1FD3A666-3297-4B68-AB44-6109A8819E90}.Release|Win32.ActiveCfg = Release|Win32
		{1FD3A666-3297-4B68-AB44-6109A8819E90}.Release|Win32.Build.0 = Release|Win32
		{1FD3A666-3297-4B68-AB44-6109A8819E90}.Release|x64.ActiveCfg = Release|x64
		{1FD3A666-3297-4B68-AB44-6109A8819E90}.Release|x64.Build.0 = Release|x64
		{A35B613F-4406-41F4-9CB6-C724AECE35A5}.BoundsChecker|Mixed Platforms.ActiveCfg = Release|x64
		{A35B613F-4406-41F4-9CB6-C724AECE35A5}.BoundsChecker|Mixed Platforms.Build.0 = Release|x64
		{A35B613F-4406-41F4-9CB6-C724AECE35A5}.BoundsChecker|Win32.ActiveCfg = Release|Win32
		{A35B613F-4406-41F4-9CB6-C724AECE35A5}.BoundsChecker|Win32.Build.0 = Release|Win32
		{A35B613F-4406-41F4-9CB6-C724AECE35A5}.BoundsChecker|x64.ActiveCfg = Release|x64
		{A35B613F-4406-41F4-9CB6-C724AECE35A5}.BoundsChecker|x64.Build.0 = Release|x64
		{A35B613F-4406-41F4-9CB6-C724AECE35A5}.Debug|Mixed Platforms.ActiveCfg = Debug|x64
		{A35B613F-4406-41F4-9CB6-C724AECE35A5}.Debug|Mixed Platforms.Build.0 = Debug|x64
		{A35B613F-4406-41F4-9CB6-C724AECE35A5}.Debug|Win32.ActiveCfg = Debug|Win32
		{A35B613F-4406-41F4-9CB6-C724AECE35A5}.Debug|Win32.Build.0 = Debug|Win32
		{A35B613F-4406-41F4-9CB6-C724AECE35A5}.Debug|x64.ActiveCfg = Debug|x64
		{A35B613F-4406-41F4-9CB6-C724AECE35A5}.Debug|x64.Build.0 = Debug|x64
		{A35B613F-4406-41F4-9CB6-C724AECE35A5}.Release|Mixed Platforms.ActiveCfg = Release|x64
		{A35B613F-4406-41F4-9CB6-C724AECE35A5}.Release|Mixed Platforms.Build.0 = Release|x64
		{A35B613F-4406-41F4-9CB6-C724AECE35A5}.Release|Win32.ActiveCfg = Release|Win32
		{A35B613F-4406-41F4-9CB6-C724AECE35A5}.Release|Win32.Build.0 = Release|Win32
		{A35B613F-4406-41F4-9CB6-C724AECE35A5}.Release|x64.ActiveCfg = Release|x64
		{A35B613F-4406-41F4-9CB6-C724AECE35A5}.Release|x64.Build.0 = Release|x64
		{2C42A6D6-76E3-4530-ADBF-D32662B4441C}.BoundsChecker|Mixed Platforms.ActiveCfg = Release|x64
		{2C42A6D6-76E3-4530-ADBF-D32662B4441C}.BoundsChecker|Mixed Platforms.Build.0 = Release|x64
		{2C42A6D6-76E3-4530-ADBF-D32662B4441C}.BoundsChecker|Win32.ActiveCfg = Release|Win32
		{2C42A6D6-76E3-4530-ADBF-D32662B4441C}.BoundsChecker|Win32.Build.0 = Release|Win32
		{2C42A6D6-76E3-4530-ADBF-D32662B4441C}.BoundsChecker|x64.ActiveCfg = Release|x64
		{2C42A6D6-76E3-4530-ADBF-D32662B4441C}.BoundsChecker|x64.Build.0 = Release|x64
		{2C42A6D6-76E3-4530-ADBF-D32662B4441C}.Debug|Mixed Platforms.ActiveCfg = Debug|x64
		{2C42A6D6-76E3-4530-ADBF-D32662B4441C}.Debug|Mixed Platforms.Build.0 = Debug|x64
		{2C42A6D6-76E3-4530-ADBF-D32662B4441C}.Debug|Win32.ActiveCfg = Debug|Win32
		{2C42A6D6-76E3-4530-ADBF-D32662B4441C}.Debug|Win32.Build.0 = Debug|Win32
		{2C42A6D6-76E3-4530-ADBF-D32662B4441C}.Debug|x64.ActiveCfg = Debug|x64
		{2C42A6D6-76E3-4530-ADBF-D32662B4441C}.Debug|x64.Build.0 = Debug|x64
		{2C42A6D6-76E3-4530-ADBF-D32662B4441C}.Release|Mixed Platforms.ActiveCfg = Release|x64
		{2C42A6D6-76E3-4530-ADBF-D32662B4441C}.Release|Mixed Platforms.Build.0 = Release|x64
		{2C42A6D6-76E3-4530-ADBF-D32662B4441C}.Release|Win32.ActiveCfg = Release|Win32
		{2C42A6D6-76E3-4530-ADBF-D32662B4441C}.Release|Win32.Build.0 = Release|Win32
		{2C42A6D6-76E3-4530-ADBF-D32662B4441C}.Release|x64.ActiveCfg = Release|x64
		{2C42A6D6-76E3-4530-ADBF-D32662B4441C}.Release|x64.Build.0 = Release|x64
		{4268E55E-3F09-416A-A97C-7F2ACA308ECA}.BoundsChecker|Mixed Platforms.ActiveCfg = Debug|x64
		{4268E55E-3F09-416A-A97C-7F2ACA308ECA}.BoundsChecker|Mixed Platforms.Build.0 = Debug|x64
		{4268E55E-3F09-416A-A97C-7F2ACA308ECA}.BoundsChecker|Win32.ActiveCfg = Debug|Win32
		{4268E55E-3F09-416A-A97C-7F2ACA308ECA}.BoundsChecker|Win32.Build.0 = Debug|Win32
		{4268E55E-3F09-416A-A97C-7F2ACA308ECA}.BoundsChecker|x64.ActiveCfg = Debug|x64
		{4268E55E-3F09-416A-A97C-7F2ACA308ECA}.BoundsChecker|x64.Build.0 = Debug|x64
		{4268E55E-3F09-416A-A97C-7F2ACA308ECA}.Debug|Mixed Platforms.ActiveCfg = Debug|x64
		{4268E55E-3F09-416A-A97C-7F2ACA308ECA}.Debug|Mixed Platforms.Build.0 = Debug|x64
		{4268E55E-3F09-416A-A97C-7F2ACA308ECA}.Debug|Win32.ActiveCfg = Debug|Win32
		{4268E55E-3F09-416A-A97C-7F2ACA308ECA}.Debug|Win32.Build.0 = Debug|Win32
		{4268E55E-3F09-416A-A97C-7F2ACA308ECA}.Debug|x64.ActiveCfg = Debug|x64
		{4268E55E-3F09-416A-A97C-7F2ACA308ECA}.Debug|x64.Build.0 = Debug|x64
		{4268E55E-3F09-416A-A97C-7F2ACA308ECA}.Release|Mixed Platforms.ActiveCfg = Release|x64
		{4268E55E-3F09-416A-A97C-7F2ACA308ECA}.Release|Mixed Platforms.Build.0 = Release|x64
		{4268E55E-3F09-416A-A97C-7F2ACA308ECA}.Release|Win32.ActiveCfg = Release|Win32
		{4268E55E-3F09-416A-A97C-7F2ACA308ECA}.Release|Win32.Build.0 = Release|Win32
		{4268E55E-3F09-416A-A97C-7F2ACA308ECA}.Release|x64.ActiveCfg = Release|x64
		{4268E55E-3F09-416A-A97C-7F2ACA308ECA}.Release|x64.Build.0 = Release|x64
		{53167940-ACA4-42FD-950C-00476D3F5801}.BoundsChecker|Mixed Platforms.ActiveCfg = Release|x64
		{53167940-ACA4-42FD-950C-00476D3F5801}.BoundsChecker|Mixed Platforms.Build.0 = Release|x64
		{53167940-ACA4-42FD-950C-00476D3F5801}.BoundsChecker|Win32.ActiveCfg = Release|Win32
		{53167940-ACA4-42FD-950C-00476D3F5801}.BoundsChecker|Win32.Build.0 = Release|Win32
		{53167940-ACA4-42FD-950C-00476D3F5801}.BoundsChecker|x64.ActiveCfg = Release|x64
		{53167940-ACA4-42FD-950C-00476D3F5801}.BoundsChecker|x64.Build.0 = Release|x64
		{53167940-ACA4-42FD-950C-00476D3F5801}.Debug|Mixed Platforms.ActiveCfg = Debug|x64
		{53167940-ACA4-42FD-950C-00476D3F5801}.Debug|Mixed Platforms.Build.0 = Debug|x64
		{53167940-ACA4-42FD-950C-00476D3F5801}.Debug|Win32.ActiveCfg = Debug|Win32
		{53167940-ACA4-42FD-950C-00476D3F5801}.Debug|Win32.Build.0 = Debug|Win32
		{53167940-ACA4-42FD-950C-00476D3F5801}.Debug|x64.ActiveCfg = Debug|x64
		{53167940-ACA4-42FD-950C-00476D3F5801}.Debug|x64.Build.0 = Debug|x64
		{53167940-ACA4-42FD-950C-00476D3F5801}.Release|Mixed Platforms.ActiveCfg = Release|x64
		{53167940-ACA4-42FD-950C-00476D3F5801}.Release|Mixed Platforms.Build.0 = Release|x64
		{53167940-ACA4-42FD-950C-00476D3F5801}.Release|Win32.ActiveCfg = Release|Win32
		{53167940-ACA4-42FD-950C-00476D3F5801}.Release|Win32.Build.0 = Release|Win32
		{53167940-ACA4-42FD-950C-00476D3F5801}.Release|x64.ActiveCfg = Release|x64
		{53167940-ACA4-42FD-950C-00476D3F5801}.Release|x64.Build.0 = Release|x64
		{54808A19-17C4-4976-B68E-49A49B5F517C}.BoundsChecker|Mixed Platforms.ActiveCfg = Debug|x64
		{54808A19-17C4-4976-B68E-49A49B5F517C}.BoundsChecker|Mixed Platforms.Build.0 = Debug|x64
		{54808A19-17C4-4976-B68E-49A49B5F517C}.BoundsChecker|Win32.ActiveCfg = Debug|Win32
		{54808A19-17C4-4976-B68E-49A49B5F517C}.BoundsChecker|Win32.Build.0 = Debug|Win32
		{54808A19-17C4-4976-B68E-49A49B5F517C}.BoundsChecker|x64.ActiveCfg = Debug|x64
		{54808A19-17C4-4976-B68E-49A49B5F517C}.BoundsChecker|x64.Build.0 = Debug|x64
		{54808A19-17C4-4976-B68E-49A49B5F517C}.Debug|Mixed Platforms.ActiveCfg = Debug|x64
		{54808A19-17C4-4976-B68E-49A49B5F517C}.Debug|Mixed Platforms.Build.0 = Debug|x64
		{54808A19-17C4-4976-B68E-49A49B5F517C}.Debug|Win32.ActiveCfg = Debug|Win32
		{54808A19-17C4-4976-B68E-49A49B5F517C}.Debug|Win32.Build.0 = Debug|Win32
		{54808A19-17C4-4976-B68E-49A49B5F517C}.Debug|x64.ActiveCfg = Debug|x64
		{54808A19-17C4-4976-B68E-49A49B5F517C}.Debug|x64.Build.0 = Debug|x64
		{54808A19-17C4-4976-B68E-49A49B5F517C}.Release|Mixed Platforms.ActiveCfg = Release|x64
		{54808A19-17C4-4976-B68E-49A49B5F517C}.Release|Mixed Platforms.Build.0 = Release|x64
		{54808A19-17C4-4976-B68E-49A49B5F517C}.Release|Win32.ActiveCfg = Release|Win32
		{54808A19-17C4-4976-B68E-49A49B5F517C}.Release|Win32.Build.0 = Release|Win32
		{54808A19-17C4-4976-B68E-49A49B5F517C}.Release|x64.ActiveCfg = Release|x64
		{54808A19-17C4-4976-B68E-49A49B5F517C}.Release|x64.Build.0 = Release|x64
		{1CE94805-101E-4961-8EC2-FA568A36C26C}.BoundsChecker|Mixed Platforms.ActiveCfg = Debug|x64
		{1CE94805-101E-4961-8EC2-FA568A36C26C}.BoundsChecker|Mixed Platforms.Build.0 = Debug|x64
		{1CE94805-101E-4961-8EC2-FA568A36C26C}.BoundsChecker|Win32.ActiveCfg = Debug|Win32
		{1CE94805-101E-4961-8EC2-FA568A36C26C}.BoundsChecker|Win32.Build.0 = Debug|Win32
		{1CE94805-101E-4961-8EC2-FA568A36C26C}.BoundsChecker|x64.ActiveCfg = Debug|x64
		{1CE94805-101E-4961-8EC2-FA568A36C26C}.BoundsChecker|x64.Build.0 = Debug|x64
		{1CE94805-101E-4961-8EC2-FA568A36C26C}.Debug|Mixed Platforms.ActiveCfg = Debug|x64
		{1CE94805-101E-4961-8EC2-FA568A36C26C}.Debug|Mixed Platforms.Build.0 = Debug|x64
		{1CE94805-101E-4961-8EC2-FA568A36C26C}.Debug|Win32.ActiveCfg = Debug|Win32
		{1CE94805-101E-4961-8EC2-FA568A36C26C}.Debug|Win32.Build.0 = Debug|Win32
		{1CE94805-101E-4961-8EC2-FA568A36C26C}.Debug|x64.ActiveCfg = Debug|x64
		{1CE94805-101E-4961-8EC2-FA568A36C26C}.Debug|x64.Build.0 = Debug|x64
		{1CE94805-101E-4961-8EC2-FA568A36C26C}.Release|Mixed Platforms.ActiveCfg = Release|x64
		{1CE94805-101E-4961-8EC2-FA568A36C26C}.Release|Mixed Platforms.Build.0 = Release|x64
		{1CE94805-101E-4961-8EC2-FA568A36C26C}.Release|Win32.ActiveCfg = Release|Win32
		{1CE94805-101E-4961-8EC2-FA568A36C26C}.Release|Win32.Build.0 = Release|Win32
		{1CE94805-101E-4961-8EC2-FA568A36C26C}.Release|x64.ActiveCfg = Release|x64
		{1CE94805-101E-4961-8EC2-FA568A36C26C}.Release|x64.Build.0 = Release|x64
		{4840AC1F-F265-48D2-BDAC-145303A37F6F}.BoundsChecker|Mixed Platforms.ActiveCfg = Release|x64
		{4840AC1F-F265-48D2-BDAC-145303A37F6F}.BoundsChecker|Mixed Platforms.Build.0 = Release|x64
		{4840AC1F-F265-48D2-BDAC-145303A37F6F}.BoundsChecker|Win32.ActiveCfg = Release|Win32
		{4840AC1F-F265-48D2-BDAC-145303A37F6F}.BoundsChecker|Win32.Build.0 = Release|Win32
		{4840AC1F-F265-48D2-BDAC-145303A37F6F}.BoundsChecker|x64.ActiveCfg = Release|x64
		{4840AC1F-F265-48D2-BDAC-145303A37F6F}.BoundsChecker|x64.Build.0 = Release|x64
		{4840AC1F-F265-48D2-BDAC-145303A37F6F}.Debug|Mixed Platforms.ActiveCfg = Debug|x64
		{4840AC1F-F265-48D2-BDAC-145303A37F6F}.Debug|Mixed Platforms.Build.0 = Debug|x64
		{4840AC1F-F265-48D2-BDAC-145303A37F6F}.Debug|Win32.ActiveCfg = Debug|Win32
		{4840AC1F-F265-48D2-BDAC-145303A37F6F}.Debug|Win32.Build.0 = Debug|Win32
		{4840AC1F-F265-48D2-BDAC-145303A37F6F}.Debug|x64.ActiveCfg = Debug|x64
		{4840AC1F-F265-48D2-BDAC-145303A37F6F}.Debug|x64.Build.0 = Debug|x64
		{4840AC1F-F265-48D2-BDAC-145303A37F6F}.Release|Mixed Platforms.ActiveCfg = Release|x64
		{4840AC1F-F265-48D2-BDAC-145303A37F6F}.Release|Mixed Platforms.Build.0 = Release|x64
		{4840AC1F-F265-48D2-BDAC-145303A37F6F}.Release|Win32.ActiveCfg = Release|Win32
		{4840AC1F-F265-48D2-BDAC-145303A37F6F}.Release|Win32.Build.0 = Release|Win32
		{4840AC1F-F265-48D2-BDAC-145303A37F6F}.Release|x64.ActiveCfg = Release|x64
		{4840AC1F-F265-48D2-BDAC-145303A37F6F}.Release|x64.Build.0 = Release|x64
		{C73BF3D4-2B93-4FB8-9F3E-00FCCA69BF49}.BoundsChecker|Mixed Platforms.ActiveCfg = Release|x64
		{C73BF3D4-2B93-4FB8-9F3E-00FCCA69BF49}.BoundsChecker|Mixed Platforms.Build.0 = Release|x64
		{C73BF3D4-2B93-4FB8-9F3E-00FCCA69BF49}.BoundsChecker|Win32.ActiveCfg = Release|Win32
		{C73BF3D4-2B93-4FB8-9F3E-00FCCA69BF49}.BoundsChecker|Win32.Build.0 = Release|Win32
		{C73BF3D4-2B93-4FB8-9F3E-00FCCA69BF49}.BoundsChecker|x64.ActiveCfg = Release|x64
		{C73BF3D4-2B93-4FB8-9F3E-00FCCA69BF49}.BoundsChecker|x64.Build.0 = Release|x64
		{C73BF3D4-2B93-4FB8-9F3E-00FCCA69BF49}.Debug|Mixed Platforms.ActiveCfg = Debug|x64
		{C73BF3D4-2B93-4FB8-9F3E-00FCCA69BF49}.Debug|Mixed Platforms.Build.0 = Debug|x64
		{C73BF3D4-2B93-4FB8-9F3E-00FCCA69BF49}.Debug|Win32.ActiveCfg = Debug|Win32
		{C73BF3D4-2B93-4FB8-9F3E-00FCCA69BF49}.Debug|Win32.Build.0 = Debug|Win32
		{C73BF3D4-2B93-4FB8-9F3E-00FCCA69BF49}.Debug|x64.ActiveCfg = Debug|x64
		{C73BF3D4-2B93-4FB8-9F3E-00FCCA69BF49}.Debug|x64.Build.0 = Debug|x64
		{C73BF3D4-2B93-4FB8-9F3E-00FCCA69BF49}.Release|Mixed Platforms.ActiveCfg = Release|x64
		{C73BF3D4-2B93-4FB8-9F3E-00FCCA69BF49}.Release|Mixed Platforms.Build.0 = Release|x64
		{C73BF3D4-2B93-4FB8-9F3E-00FCCA69BF49}.Release|Win32.ActiveCfg = Release|Win32
		{C73BF3D4-2B93-4FB8-9F3E-00FCCA69BF49}.Release|Win32.Build.0 = Release|Win32
		{C73BF3D4-2B93-4FB8-9F3E-00FCCA69BF49}.Release|x64.ActiveCfg = Release|x64
		{C73BF3D4-2B93-4FB8-9F3E-00FCCA69BF49}.Release|x64.Build.0 = Release|x64
		{7C893D06-DAE4-4A5C-B37A-7C8D3BD1629F}.BoundsChecker|Mixed Platforms.ActiveCfg = Debug|x64
		{7C893D06-DAE4-4A5C-B37A-7C8D3BD1629F}.BoundsChecker|Mixed Platforms.Build.0 = Debug|x64
		{7C893D06-DAE4-4A5C-B37A-7C8D3BD1629F}.BoundsChecker|Win32.ActiveCfg = Debug|Win32
		{7C893D06-DAE4-4A5C-B37A-7C8D3BD1629F}.BoundsChecker|Win32.Build.0 = Debug|Win32
		{7C893D06-DAE4-4A5C-B37A-7C8D3BD1629F}.BoundsChecker|x64.ActiveCfg = Debug|x64
		{7C893D06-DAE4-4A5C-B37A-7C8D3BD1629F}.BoundsChecker|x64.Build.0 = Debug|x64
		{7C893D06-DAE4-4A5C-B37A-7C8D3BD1629F}.Debug|Mixed Platforms.ActiveCfg = Debug|x64
		{7C893D06-DAE4-4A5C-B37A-7C8D3BD1629F}.Debug|Mixed Platforms.Build.0 = Debug|x64
		{7C893D06-DAE4-4A5C-B37A-7C8D3BD1629F}.Debug|Win32.ActiveCfg = Debug|Win32
		{7C893D06-DAE4-4A5C-B37A-7C8D3BD1629F}.Debug|Win32.Build.0 = Debug|Win32
		{7C893D06-DAE4-4A5C-B37A-7C8D3BD1629F}.Debug|x64.ActiveCfg = Debug|x64
		{7C893D06-DAE4-4A5C-B37A-7C8D3BD1629F}.Debug|x64.Build.0 = Debug|x64
		{7C893D06-DAE4-4A5C-B37A-7C8D3BD1629F}.Release|Mixed Platforms.ActiveCfg = Release|x64
		{7C893D06-DAE4-4A5C-B37A-7C8D3BD1629F}.Release|Mixed Platforms.Build.0 = Release|x64
		{7C893D06-DAE4-4A5C-B37A-7C8D3BD1629F}.Release|Win32.ActiveCfg = Release|Win32
		{7C893D06-DAE4-4A5C-B37A-7C8D3BD1629F}.Release|Win32.Build.0 = Release|Win32
		{7C893D06-DAE4-4A5C-B37A-7C8D3BD1629F}.Release|x64.ActiveCfg = Release|x64
		{7C893D06-DAE4-4A5C-B37A-7C8D3BD1629F}.Release|x64.Build.0 = Release|x64
		{9C27A59E-5537-471C-96BC-125FE644EE8A}.BoundsChecker|Mixed Platforms.ActiveCfg = Debug|x64
		{9C27A59E-5537-471C-96BC-125FE644EE8A}.BoundsChecker|Mixed Platforms.Build.0 = Debug|x64
		{9C27A59E-5537-471C-96BC-125FE644EE8A}.BoundsChecker|Win32.ActiveCfg = Debug|Win32
		{9C27A59E-5537-471C-96BC-125FE644EE8A}.BoundsChecker|Win32.Build.0 = Debug|Win32
		{9C27A59E-5537-471C-96BC-125FE644EE8A}.BoundsChecker|x64.ActiveCfg = Debug|x64
		{9C27A59E-5537-471C-96BC-125FE644EE8A}.BoundsChecker|x64.Build.0 = Debug|x64
		{9C27A59E-5537-471C-96BC-125FE644EE8A}.Debug|Mixed Platforms.ActiveCfg = Debug|x64
		{9C27A59E-5537-471C-96BC-125FE644EE8A}.Debug|Mixed Platforms.Build.0 = Debug|x64
		{9C27A59E-5537-471C-96BC-125FE644EE8A}.Debug|Win32.ActiveCfg = Debug|Win32
		{9C27A59E-5537-471C-96BC-125FE644EE8A}.Debug|Win32.Build.0 = Debug|Win32
		{9C27A59E-5537-471C-96BC-125FE644EE8A}.Debug|x64.ActiveCfg = Debug|x64
		{9C27A59E-5537-471C-96BC-125FE644EE8A}.Debug|x64.Build.0 = Debug|x64
		{9C27A59E-5537-471C-96BC-125FE644EE8A}.Release|Mixed Platforms.ActiveCfg = Release|x64
		{9C27A59E-5537-471C-96BC-125FE644EE8A}.Release|Mixed Platforms.Build.0 = Release|x64
		{9C27A59E-5537-471C-96BC-125FE644EE8A}.Release|Win32.ActiveCfg = Release|Win32
		{9C27A59E-5537-471C-96BC-125FE644EE8A}.Release|Win32.Build.0 = Release|Win32
		{9C27A59E-5537-471C-96BC-125FE644EE8A}.Release|x64.ActiveCfg = Release|x64
		{9C27A59E-5537-471C-96BC-125FE644EE8A}.Release|x64.Build.0 = Release|x64
		{3C97FE2F-94CC-41CD-91FB-ABCD5DF79FFA}.BoundsChecker|Mixed Platforms.ActiveCfg = Debug|x64
		{3C97FE2F-94CC-41CD-91FB-ABCD5DF79FFA}.BoundsChecker|Mixed Platforms.Build.0 = Debug|x64
		{3C97FE2F-94CC-41CD-91FB-ABCD5DF79FFA}.BoundsChecker|Win32.ActiveCfg = Debug|Win32
		{3C97FE2F-94CC-41CD-91FB-ABCD5DF79FFA}.BoundsChecker|Win32.Build.0 = Debug|Win32
		{3C97FE2F-94CC-41CD-91FB-ABCD5DF79FFA}.BoundsChecker|x64.ActiveCfg = Debug|x64
		{3C97FE2F-94CC-41CD-91FB-ABCD5DF79FFA}.BoundsChecker|x64.Build.0 = Debug|x64
		{3C97FE2F-94CC-41CD-91FB-ABCD5DF79FFA}.Debug|Mixed Platforms.ActiveCfg = Debug|x64
		{3C97FE2F-94CC-41CD-91FB-ABCD5DF79FFA}.Debug|Mixed Platforms.Build.0 = Debug|x64
		{3C97FE2F-94CC-41CD-91FB-ABCD5DF79FFA}.Debug|Win32.ActiveCfg = Debug|Win32
		{3C97FE2F-94CC-41CD-91FB-ABCD5DF79FFA}.Debug|Win32.Build.0 = Debug|Win32
		{3C97FE2F-94CC-41CD-91FB-ABCD5DF79FFA}.Debug|x64.ActiveCfg = Debug|x64
		{3C97FE2F-94CC-41CD-91FB-ABCD5DF79FFA}.Debug|x64.Build.0 = Debug|x64
		{3C97FE2F-94CC-41CD-91FB-ABCD5DF79FFA}.Release|Mixed Platforms.ActiveCfg = Release|x64
		{3C97FE2F-94CC-41CD-91FB-ABCD5DF79FFA}.Release|Mixed Platforms.Build.0 = Release|x64
		{3C97FE2F-94CC-41CD-91FB-ABCD5DF79FFA}.Release|Win32.ActiveCfg = Release|Win32
		{3C97FE2F-94CC-41CD-91FB-ABCD5DF79FFA}.Release|Win32.Build.0 = Release|Win32
		{3C97FE2F-94CC-41CD-91FB-ABCD5DF79FFA}.Release|x64.ActiveCfg = Release|x64
		{3C97FE2F-94CC-41CD-91FB-ABCD5DF79FFA}.Release|x64.Build.0 = Release|x64
		{2F46D44C-2694-4A87-BE43-528F8BE217C2}.BoundsChecker|Mixed Platforms.ActiveCfg = Debug|x64
		{2F46D44C-2694-4A87-BE43-528F8BE217C2}.BoundsChecker|Mixed Platforms.Build.0 = Debug|x64
		{2F46D44C-2694-4A87-BE43-528F8BE217C2}.BoundsChecker|Win32.ActiveCfg = Debug|Win32
		{2F46D44C-2694-4A87-BE43-528F8BE217C2}.BoundsChecker|Win32.Build.0 = Debug|Win32
		{2F46D44C-2694-4A87-BE43-528F8BE217C2}.BoundsChecker|x64.ActiveCfg = Debug|x64
		{2F46D44C-2694-4A87-BE43-528F8BE217C2}.BoundsChecker|x64.Build.0 = Debug|x64
		{2F46D44C-2694-4A87-BE43-528F8BE217C2}.Debug|Mixed Platforms.ActiveCfg = Debug|x64
		{2F46D44C-2694-4A87-BE43-528F8BE217C2}.Debug|Mixed Platforms.Build.0 = Debug|x64
		{2F46D44C-2694-4A87-BE43-528F8BE217C2}.Debug|Win32.ActiveCfg = Debug|Win32
		{2F46D44C-2694-4A87-BE43-528F8BE217C2}.Debug|Win32.Build.0 = Debug|Win32
		{2F46D44C-2694-4A87-BE43-528F8BE217C2}.Debug|x64.ActiveCfg = Debug|x64
		{2F46D44C-2694-4A87-BE43-528F8BE217C2}.Debug|x64.Build.0 = Debug|x64
		{2F46D44C-2694-4A87-BE43-528F8BE217C2}.Release|Mixed Platforms.ActiveCfg = Release|x64
		{2F46D44C-2694-4A87-BE43-528F8BE217C2}.Release|Mixed Platforms.Build.0 = Release|x64
		{2F46D44C-2694-4A87-BE43-528F8BE217C2}.Release|Win32.ActiveCfg = Release|Win32
		{2F46D44C-2694-4A87-BE43-528F8BE217C2}.Release|Win32.Build.0 = Release|Win32
		{2F46D44C-2694-4A87-BE43-528F8BE217C2}.Release|x64.ActiveCfg = Release|x64
		{2F46D44C-2694-4A87-BE43-528F8BE217C2}.Release|x64.Build.0 = Release|x64
		{11A2CA2E-4D53-48E7-ADED-5CFF3F4DC101}.BoundsChecker|Mixed Platforms.ActiveCfg = Debug|x64
		{11A2CA2E-4D53-48E7-ADED-5CFF3F4DC101}.BoundsChecker|Mixed Platforms.Build.0 = Debug|x64
		{11A2CA2E-4D53-48E7-ADED-5CFF3F4DC101}.BoundsChecker|Win32.ActiveCfg = Release|Win32
		{11A2CA2E-4D53-48E7-ADED-5CFF3F4DC101}.BoundsChecker|Win32.Build.0 = Release|Win32
		{11A2CA2E-4D53-48E7-ADED-5CFF3F4DC101}.BoundsChecker|x64.ActiveCfg = Release|Win32
		{11A2CA2E-4D53-48E7-ADED-5CFF3F4DC101}.Debug|Mixed Platforms.ActiveCfg = Debug|x64
		{11A2CA2E-4D53-48E7-ADED-5CFF3F4DC101}.Debug|Mixed Platforms.Build.0 = Debug|x64
		{11A2CA2E-4D53-48E7-ADED-5CFF3F4DC101}.Debug|Win32.ActiveCfg = Debug|Win32
		{11A2CA2E-4D53-48E7-ADED-5CFF3F4DC101}.Debug|Win32.Build.0 = Debug|Win32
		{11A2CA2E-4D53-48E7-ADED-5CFF3F4DC101}.Debug|x64.ActiveCfg = Debug|Win32
		{11A2CA2E-4D53-48E7-ADED-5CFF3F4DC101}.Release|Mixed Platforms.ActiveCfg = Release|x64
		{11A2CA2E-4D53-48E7-ADED-5CFF3F4DC101}.Release|Mixed Platforms.Build.0 = Release|x64
		{11A2CA2E-4D53-48E7-ADED-5CFF3F4DC101}.Release|Win32.ActiveCfg = Release|x64
		{11A2CA2E-4D53-48E7-ADED-5CFF3F4DC101}.Release|Win32.Build.0 = Release|x64
		{11A2CA2E-4D53-48E7-ADED-5CFF3F4DC101}.Release|x64.ActiveCfg = Release|x64
		{11A2CA2E-4D53-48E7-ADED-5CFF3F4DC101}.Release|x64.Build.0 = Release|x64
		{4A97EEF2-0D1A-462A-A57D-B65C39A61AFE}.BoundsChecker|Mixed Platforms.ActiveCfg = Release|Win32
		{4A97EEF2-0D1A-462A-A57D-B65C39A61AFE}.BoundsChecker|Mixed Platforms.Build.0 = Release|Win32
		{4A97EEF2-0D1A-462A-A57D-B65C39A61AFE}.BoundsChecker|Win32.ActiveCfg = Release|Win32
		{4A97EEF2-0D1A-462A-A57D-B65C39A61AFE}.BoundsChecker|Win32.Build.0 = Release|Win32
		{4A97EEF2-0D1A-462A-A57D-B65C39A61AFE}.BoundsChecker|x64.ActiveCfg = Release|Win32
		{4A97EEF2-0D1A-462A-A57D-B65C39A61AFE}.Debug|Mixed Platforms.ActiveCfg = Debug|Win32
		{4A97EEF2-0D1A-462A-A57D-B65C39A61AFE}.Debug|Mixed Platforms.Build.0 = Debug|Win32
		{4A97EEF2-0D1A-462A-A57D-B65C39A61AFE}.Debug|Win32.ActiveCfg = Debug|Win32
		{4A97EEF2-0D1A-462A-A57D-B65C39A61AFE}.Debug|Win32.Build.0 = Debug|Win32
		{4A97EEF2-0D1A-462A-A57D-B65C39A61AFE}.Debug|x64.ActiveCfg = Debug|Win32
		{4A97EEF2-0D1A-462A-A57D-B65C39A61AFE}.Release|Mixed Platforms.ActiveCfg = Release|Win32
		{4A97EEF2-0D1A-462A-A57D-B65C39A61AFE}.Release|Mixed Platforms.Build.0 = Release|Win32
		{4A97EEF2-0D1A-462A-A57D-B65C39A61AFE}.Release|Win32.ActiveCfg = Release|Win32
		{4A97EEF2-0D1A-462A-A57D-B65C39A61AFE}.Release|Win32.Build.0 = Release|Win32
		{4A97EEF2-0D1A-462A-A57D-B65C39A61AFE}.Release|x64.ActiveCfg = Release|Win32
		{EB9CC5E2-DC0A-4FDF-BCF3-39052D975D4D}.BoundsChecker|Mixed Platforms.ActiveCfg = Release|Win32
		{EB9CC5E2-DC0A-4FDF-BCF3-39052D975D4D}.BoundsChecker|Mixed Platforms.Build.0 = Release|Win32
		{EB9CC5E2-DC0A-4FDF-BCF3-39052D975D4D}.BoundsChecker|Win32.ActiveCfg = Release|Win32
		{EB9CC5E2-DC0A-4FDF-BCF3-39052D975D4D}.BoundsChecker|Win32.Build.0 = Release|Win32
		{EB9CC5E2-DC0A-4FDF-BCF3-39052D975D4D}.BoundsChecker|x64.ActiveCfg = Release|Win32
		{EB9CC5E2-DC0A-4FDF-BCF3-39052D975D4D}.Debug|Mixed Platforms.ActiveCfg = Debug|Win32
		{EB9CC5E2-DC0A-4FDF-BCF3-39052D975D4D}.Debug|Mixed Platforms.Build.0 = Debug|Win32
		{EB9CC5E2-DC0A-4FDF-BCF3-39052D975D4D}.Debug|Win32.ActiveCfg = Debug|Win32
		{EB9CC5E2-DC0A-4FDF-BCF3-39052D975D4D}.Debug|Win32.Build.0 = Debug|Win32
		{EB9CC5E2-DC0A-4FDF-BCF3-39052D975D4D}.Debug|x64.ActiveCfg = Debug|Win32
		{EB9CC5E2-DC0A-4FDF-BCF3-39052D975D4D}.Release|Mixed Platforms.ActiveCfg = Release|Win32
		{EB9CC5E2-DC0A-4FDF-BCF3-39052D975D4D}.Release|Mixed Platforms.Build.0 = Release|Win32
		{EB9CC5E2-DC0A-4FDF-BCF3-39052D975D4D}.Release|Win32.ActiveCfg = Release|Win32
		{EB9CC5E2-DC0A-4FDF-BCF3-39052D975D4D}.Release|Win32.Build.0 = Release|Win32
		{EB9CC5E2-DC0A-4FDF-BCF3-39052D975D4D}.Release|x64.ActiveCfg = Release|Win32
		{8845F81F-2B0A-46D4-96DF-11E30C2547EE}.BoundsChecker|Mixed Platforms.ActiveCfg = Release|x64
		{8845F81F-2B0A-46D4-96DF-11E30C2547EE}.BoundsChecker|Mixed Platforms.Build.0 = Release|x64
		{8845F81F-2B0A-46D4-96DF-11E30C2547EE}.BoundsChecker|Win32.ActiveCfg = Release|x64
		{8845F81F-2B0A-46D4-96DF-11E30C2547EE}.BoundsChecker|x64.ActiveCfg = Release|x64
		{8845F81F-2B0A-46D4-96DF-11E30C2547EE}.BoundsChecker|x64.Build.0 = Release|x64
		{8845F81F-2B0A-46D4-96DF-11E30C2547EE}.Debug|Mixed Platforms.ActiveCfg = Release|x64
		{8845F81F-2B0A-46D4-96DF-11E30C2547EE}.Debug|Mixed Platforms.Build.0 = Release|x64
		{8845F81F-2B0A-46D4-96DF-11E30C2547EE}.Debug|Win32.ActiveCfg = Release|x64
		{8845F81F-2B0A-46D4-96DF-11E30C2547EE}.Debug|x64.ActiveCfg = Release|x64
		{8845F81F-2B0A-46D4-96DF-11E30C2547EE}.Debug|x64.Build.0 = Release|x64
		{8845F81F-2B0A-46D4-96DF-11E30C2547EE}.Release|Mixed Platforms.ActiveCfg = Release|x64
		{8845F81F-2B0A-46D4-96DF-11E30C2547EE}.Release|Mixed Platforms.Build.0 = Release|x64
		{8845F81F-2B0A-46D4-96DF-11E30C2547EE}.Release|Win32.ActiveCfg = Release|x64
		{8845F81F-2B0A-46D4-96DF-11E30C2547EE}.Release|x64.ActiveCfg = Release|x64
		{8845F81F-2B0A-46D4-96DF-11E30C2547EE}.Release|x64.Build.0 = Release|x64
		{B8B9A53F-9C13-4A81-A839-886EC96C5890}.BoundsChecker|Mixed Platforms.ActiveCfg = Release|Win32
		{B8B9A53F-9C13-4A81-A839-886EC96C5890}.BoundsChecker|Mixed Platforms.Build.0 = Release|Win32
		{B8B9A53F-9C13-4A81-A839-886EC96C5890}.BoundsChecker|Win32.ActiveCfg = Release|Win32
		{B8B9A53F-9C13-4A81-A839-886EC96C5890}.BoundsChecker|Win32.Build.0 = Release|Win32
		{B8B9A53F-9C13-4A81-A839-886EC96C5890}.BoundsChecker|x64.ActiveCfg = Release|Win32
		{B8B9A53F-9C13-4A81-A839-886EC96C5890}.Debug|Mixed Platforms.ActiveCfg = Debug|Win32
		{B8B9A53F-9C13-4A81-A839-886EC96C5890}.Debug|Mixed Platforms.Build.0 = Debug|Win32
		{B8B9A53F-9C13-4A81-A839-886EC96C5890}.Debug|Win32.ActiveCfg = Debug|Win32
		{B8B9A53F-9C13-4A81-A839-886EC96C5890}.Debug|Win32.Build.0 = Debug|Win32
		{B8B9A53F-9C13-4A81-A839-886EC96C5890}.Debug|x64.ActiveCfg = Debug|Win32
		{B8B9A53F-9C13-4A81-A839-886EC96C5890}.Release|Mixed Platforms.ActiveCfg = Release|Win32
		{B8B9A53F-9C13-4A81-A839-886EC96C5890}.Release|Mixed Platforms.Build.0 = Release|Win32
		{B8B9A53F-9C13-4A81-A839-886EC96C5890}.Release|Win32.ActiveCfg = Release|Win32
		{B8B9A53F-9C13-4A81-A839-886EC96C5890}.Release|Win32.Build.0 = Release|Win32
		{B8B9A53F-9C13-4A81-A839-886EC96C5890}.Release|x64.ActiveCfg = Release|Win32
		{7DB92A3E-A765-4F22-A1C9-FC7041F1CBD2}.BoundsChecker|Mixed Platforms.ActiveCfg = Debug|Win32
		{7DB92A3E-A765-4F22-A1C9-FC7041F1CBD2}.BoundsChecker|Mixed Platforms.Build.0 = Debug|Win32
		{7DB92A3E-A765-4F22-A1C9-FC7041F1CBD2}.BoundsChecker|Win32.ActiveCfg = Debug|Win32
		{7DB92A3E-A765-4F22-A1C9-FC7041F1CBD2}.BoundsChecker|Win32.Build.0 = Debug|Win32
		{7DB92A3E-A765-4F22-A1C9-FC7041F1CBD2}.BoundsChecker|x64.ActiveCfg = Debug|Win32
		{7DB92A3E-A765-4F22-A1C9-FC7041F1CBD2}.BoundsChecker|x64.Build.0 = Debug|Win32
		{7DB92A3E-A765-4F22-A1C9-FC7041F1CBD2}.Debug|Mixed Platforms.ActiveCfg = Debug|Win32
		{7DB92A3E-A765-4F22-A1C9-FC7041F1CBD2}.Debug|Mixed Platforms.Build.0 = Debug|Win32
		{7DB92A3E-A765-4F22-A1C9-FC7041F1CBD2}.Debug|Win32.ActiveCfg = Debug|Win32
		{7DB92A3E-A765-4F22-A1C9-FC7041F1CBD2}.Debug|Win32.Build.0 = Debug|Win32
		{7DB92A3E-A765-4F22-A1C9-FC7041F1CBD2}.Debug|x64.ActiveCfg = Debug|Win32
		{7DB92A3E-A765-4F22-A1C9-FC7041F1CBD2}.Release|Mixed Platforms.ActiveCfg = Release|Win32
		{7DB92A3E-A765-4F22-A1C9-FC7041F1CBD2}.Release|Mixed Platforms.Build.0 = Release|Win32
		{7DB92A3E-A765-4F22-A1C9-FC7041F1CBD2}.Release|Win32.ActiveCfg = Release|Win32
		{7DB92A3E-A765-4F22-A1C9-FC7041F1CBD2}.Release|Win32.Build.0 = Release|Win32
		{7DB92A3E-A765-4F22-A1C9-FC7041F1CBD2}.Release|x64.ActiveCfg = Release|Win32
	EndGlobalSection
	GlobalSection(SolutionProperties) = preSolution
		HideSolutionNode = FALSE
	EndGlobalSection
	GlobalSection(ExtensibilityGlobals) = postSolution
		SolutionGuid = {1E04B68B-80A3-48AD-AEAF-BF75C0D799E8}
	EndGlobalSection
EndGlobal
