Microsoft Visual Studio Solution File, Format Version 9.00
# Visual Studio 2005
Project("{8BC9CEB8-8B4A-11D0-8D11-00A0C91BC942}") = "acn", "acu\acn.vcproj", "{25F24DFD-A297-483C-89F6-5B94E312B974}"
EndProject
Project("{8BC9CEB8-8B4A-11D0-8D11-00A0C91BC942}") = "acu", "acu\acu.vcproj", "{3D842722-9E32-40F4-8E89-1882E8AE7B0E}"
	ProjectSection(ProjectDependencies) = postProject
		{2C42A6D6-76E3-4530-ADBF-D32662B4441C} = {2C42A6D6-76E3-4530-ADBF-D32662B4441C}
	EndProjectSection
EndProject
Project("{8BC9CEB8-8B4A-11D0-8D11-00A0C91BC942}") = "acu50_wisp", "acu\acu50\acu50_wisp.vcproj", "{7E3B627D-2D93-4AC8-9368-6BDD9DE2DEA9}"
	ProjectSection(ProjectDependencies) = postProject
		{243D6218-A649-4BE1-8AE3-C8ED87B29808} = {243D6218-A649-4BE1-8AE3-C8ED87B29808}
	EndProjectSection
EndProject
Project("{8BC9CEB8-8B4A-11D0-8D11-00A0C91BC942}") = "acu51_wisp", "acu\acu51\acu51_wisp.vcproj", "{C30925AA-422D-43BA-B169-134800496418}"
	ProjectSection(ProjectDependencies) = postProject
		{243D6218-A649-4BE1-8AE3-C8ED87B29808} = {243D6218-A649-4BE1-8AE3-C8ED87B29808}
	EndProjectSection
EndProject
Project("{8BC9CEB8-8B4A-11D0-8D11-00A0C91BC942}") = "acu52_ede", "acu\acu52\acu52_ede.vcproj", "{AF36FD73-D634-4464-A01D-68B4DE147937}"
	ProjectSection(ProjectDependencies) = postProject
		{243D6218-A649-4BE1-8AE3-C8ED87B29808} = {243D6218-A649-4BE1-8AE3-C8ED87B29808}
		{D50F082F-CE5C-4AB4-B79C-E5077D3EDD6C} = {D50F082F-CE5C-4AB4-B79C-E5077D3EDD6C}
	EndProjectSection
EndProject
Project("{8BC9CEB8-8B4A-11D0-8D11-00A0C91BC942}") = "acu52_kcsi", "acu\acu52\acu52_kcsi.vcproj", "{C0DB85C1-F5D3-40B7-B628-12A9FC9D9ED3}"
	ProjectSection(ProjectDependencies) = postProject
		{5F45F30B-E373-43BC-9F4F-5FB3D900BB86} = {5F45F30B-E373-43BC-9F4F-5FB3D900BB86}
		{243D6218-A649-4BE1-8AE3-C8ED87B29808} = {243D6218-A649-4BE1-8AE3-C8ED87B29808}
	EndProjectSection
EndProject
Project("{8BC9CEB8-8B4A-11D0-8D11-00A0C91BC942}") = "acu52_wisp", "acu\acu52\acu52_wisp.vcproj", "{3017394E-DD34-4857-8C7F-E9D411697EFC}"
	ProjectSection(ProjectDependencies) = postProject
		{243D6218-A649-4BE1-8AE3-C8ED87B29808} = {243D6218-A649-4BE1-8AE3-C8ED87B29808}
	EndProjectSection
EndProject
Project("{8BC9CEB8-8B4A-11D0-8D11-00A0C91BC942}") = "acu60_ede", "ACU\ACU60\acu60_ede.vcproj", "{51805E10-AADA-468A-AD32-1AB323AE0A23}"
	ProjectSection(ProjectDependencies) = postProject
		{243D6218-A649-4BE1-8AE3-C8ED87B29808} = {243D6218-A649-4BE1-8AE3-C8ED87B29808}
		{D50F082F-CE5C-4AB4-B79C-E5077D3EDD6C} = {D50F082F-CE5C-4AB4-B79C-E5077D3EDD6C}
	EndProjectSection
EndProject
Project("{8BC9CEB8-8B4A-11D0-8D11-00A0C91BC942}") = "acu60_kcsi", "acu\acu60\acu60_kcsi.vcproj", "{1C96B053-2E25-4CDD-A4E2-DAC14FAE6BD0}"
	ProjectSection(ProjectDependencies) = postProject
		{5F45F30B-E373-43BC-9F4F-5FB3D900BB86} = {5F45F30B-E373-43BC-9F4F-5FB3D900BB86}
		{243D6218-A649-4BE1-8AE3-C8ED87B29808} = {243D6218-A649-4BE1-8AE3-C8ED87B29808}
	EndProjectSection
EndProject
Project("{8BC9CEB8-8B4A-11D0-8D11-00A0C91BC942}") = "acu60_wisp", "ACU\ACU60\acu60_wisp.vcproj", "{3EB2E941-F6AD-4103-97AB-EE0F9E9C0E71}"
	ProjectSection(ProjectDependencies) = postProject
		{243D6218-A649-4BE1-8AE3-C8ED87B29808} = {243D6218-A649-4BE1-8AE3-C8ED87B29808}
	EndProjectSection
EndProject
Project("{8BC9CEB8-8B4A-11D0-8D11-00A0C91BC942}") = "acu60_wisp_atm", "ACU\ACU60\acu60_wisp_atm.vcproj", "{5CC53D8D-EA37-49D5-A2D8-362275E20659}"
	ProjectSection(ProjectDependencies) = postProject
		{243D6218-A649-4BE1-8AE3-C8ED87B29808} = {243D6218-A649-4BE1-8AE3-C8ED87B29808}
	EndProjectSection
EndProject
Project("{8BC9CEB8-8B4A-11D0-8D11-00A0C91BC942}") = "acu62_kcsi", "acu\acu62\acu62_kcsi.vcproj", "{2FA5801E-CB50-445F-8F3E-A8E015239118}"
EndProject
Project("{8BC9CEB8-8B4A-11D0-8D11-00A0C91BC942}") = "acu62_wisp", "acu\acu62\acu62_wisp.vcproj", "{7FF74D69-804A-4648-8A77-534A4F618333}"
EndProject
Project("{8BC9CEB8-8B4A-11D0-8D11-00A0C91BC942}") = "all", "port\all.vcproj", "{8A416EB0-2EFC-4703-BB0C-81EB2B97E152}"
	ProjectSection(ProjectDependencies) = postProject
		{BE5B5E55-D115-431A-9F7C-BFADC0650565} = {BE5B5E55-D115-431A-9F7C-BFADC0650565}
		{1FD3A666-3297-4B68-AB44-6109A8819E90} = {1FD3A666-3297-4B68-AB44-6109A8819E90}
		{EF4E24BA-1A6A-409B-9BCB-47D09BCA8324} = {EF4E24BA-1A6A-409B-9BCB-47D09BCA8324}
	EndProjectSection
EndProject
Project("{8BC9CEB8-8B4A-11D0-8D11-00A0C91BC942}") = "display", "wisputils\display.vcproj", "{58968529-ECB8-415F-A1BA-06AC7E11FAD7}"
	ProjectSection(ProjectDependencies) = postProject
		{A35B613F-4406-41F4-9CB6-C724AECE35A5} = {A35B613F-4406-41F4-9CB6-C724AECE35A5}
		{3EE153BF-AA07-4929-8FA5-3687BB168071} = {3EE153BF-AA07-4929-8FA5-3687BB168071}
	EndProjectSection
EndProject
Project("{8BC9CEB8-8B4A-11D0-8D11-00A0C91BC942}") = "disprint", "WISPUTILS\disprint.vcproj", "{0EB54808-9234-4B5E-A571-06524488333C}"
EndProject
Project("{8BC9CEB8-8B4A-11D0-8D11-00A0C91BC942}") = "ede", "ede\ede.vcproj", "{EF4E24BA-1A6A-409B-9BCB-47D09BCA8324}"
	ProjectSection(ProjectDependencies) = postProject
		{89E19F1A-CC57-4B1F-93B8-0FF7D3CCB9D2} = {89E19F1A-CC57-4B1F-93B8-0FF7D3CCB9D2}
		{1CEECD4F-12D0-44E4-A1A7-E274EEBC3363} = {1CEECD4F-12D0-44E4-A1A7-E274EEBC3363}
	EndProjectSection
EndProject
Project("{8BC9CEB8-8B4A-11D0-8D11-00A0C91BC942}") = "edelib", "ede\edelib.vcproj", "{89E19F1A-CC57-4B1F-93B8-0FF7D3CCB9D2}"
EndProject
Project("{8BC9CEB8-8B4A-11D0-8D11-00A0C91BC942}") = "good", "ede\good.vcproj", "{1CEECD4F-12D0-44E4-A1A7-E274EEBC3363}"
	ProjectSection(ProjectDependencies) = postProject
		{89E19F1A-CC57-4B1F-93B8-0FF7D3CCB9D2} = {89E19F1A-CC57-4B1F-93B8-0FF7D3CCB9D2}
		{3EE153BF-AA07-4929-8FA5-3687BB168071} = {3EE153BF-AA07-4929-8FA5-3687BB168071}
	EndProjectSection
EndProject
Project("{8BC9CEB8-8B4A-11D0-8D11-00A0C91BC942}") = "hexed", "wisputils\hexed.vcproj", "{62CED551-FD75-48B8-BB2C-DE2C93C24595}"
	ProjectSection(ProjectDependencies) = postProject
		{3EE153BF-AA07-4929-8FA5-3687BB168071} = {3EE153BF-AA07-4929-8FA5-3687BB168071}
	EndProjectSection
EndProject
Project("{8BC9CEB8-8B4A-11D0-8D11-00A0C91BC942}") = "kcsi_acu", "kcsi\kcsi_acu.vcproj", "{BE5B5E55-D115-431A-9F7C-BFADC0650565}"
	ProjectSection(ProjectDependencies) = postProject
		{FD3DE444-80B9-4B36-937A-3C2D48508562} = {FD3DE444-80B9-4B36-937A-3C2D48508562}
		{4E2D6977-209E-46A1-9B1E-51A0EB8778C9} = {4E2D6977-209E-46A1-9B1E-51A0EB8778C9}
	EndProjectSection
EndProject
Project("{8BC9CEB8-8B4A-11D0-8D11-00A0C91BC942}") = "kcsi_acu_cob", "kcsi\kcsi_acu_cob.vcproj", "{FD3DE444-80B9-4B36-937A-3C2D48508562}"
	ProjectSection(ProjectDependencies) = postProject
		{2C42A6D6-76E3-4530-ADBF-D32662B4441C} = {2C42A6D6-76E3-4530-ADBF-D32662B4441C}
	EndProjectSection
EndProject
Project("{8BC9CEB8-8B4A-11D0-8D11-00A0C91BC942}") = "kcsi_acu_lib", "kcsi\kcsi_acu_lib.vcproj", "{4E2D6977-209E-46A1-9B1E-51A0EB8778C9}"
EndProject
Project("{8BC9CEB8-8B4A-11D0-8D11-00A0C91BC942}") = "mfn", "mf\mfn.vcproj", "{E3FF808B-82A5-4689-AD4A-1BE1745D96AF}"
EndProject
Project("{8BC9CEB8-8B4A-11D0-8D11-00A0C91BC942}") = "mfsubs", "MF\mfsubs.vcproj", "{2F313F28-FC10-44A1-855B-09522D16E95B}"
EndProject
Project("{8BC9CEB8-8B4A-11D0-8D11-00A0C91BC942}") = "nt_wconfig", "nt\wconfig\nt_wconfig.vcproj", "{29EBC3F4-187D-47B6-9106-5FAE3511869D}"
EndProject
Project("{8BC9CEB8-8B4A-11D0-8D11-00A0C91BC942}") = "nt_wisptran", "nt\wisptran\nt_wisptran.vcproj", "{F0A5D0C6-2123-444D-BF0B-E1406F782FB9}"
EndProject
Project("{8BC9CEB8-8B4A-11D0-8D11-00A0C91BC942}") = "proctran", "proctran\proctran.vcproj", "{7A2F1271-2B36-41C9-A987-5E56EC7EA814}"
EndProject
Project("{8BC9CEB8-8B4A-11D0-8D11-00A0C91BC942}") = "qapic", "wisputils\qapic.vcproj", "{7D0D7DAD-24E5-4439-9623-2BB46F8AAFC6}"
	ProjectSection(ProjectDependencies) = postProject
		{A35B613F-4406-41F4-9CB6-C724AECE35A5} = {A35B613F-4406-41F4-9CB6-C724AECE35A5}
		{3EE153BF-AA07-4929-8FA5-3687BB168071} = {3EE153BF-AA07-4929-8FA5-3687BB168071}
	EndProjectSection
EndProject
Project("{8BC9CEB8-8B4A-11D0-8D11-00A0C91BC942}") = "rexec", "wisputils\rexec.vcproj", "{A18953D7-04EF-4033-BE26-EC5E7DA51F42}"
EndProject
Project("{8BC9CEB8-8B4A-11D0-8D11-00A0C91BC942}") = "shipkit", "port\shipkit.vcproj", "{7A4567F6-E816-4567-9B3D-65E168A77A41}"
	ProjectSection(ProjectDependencies) = postProject
		{8A416EB0-2EFC-4703-BB0C-81EB2B97E152} = {8A416EB0-2EFC-4703-BB0C-81EB2B97E152}
	EndProjectSection
EndProject
Project("{8BC9CEB8-8B4A-11D0-8D11-00A0C91BC942}") = "shipkitede", "PORT\shipkitede.vcproj", "{D50F082F-CE5C-4AB4-B79C-E5077D3EDD6C}"
	ProjectSection(ProjectDependencies) = postProject
		{EF4E24BA-1A6A-409B-9BCB-47D09BCA8324} = {EF4E24BA-1A6A-409B-9BCB-47D09BCA8324}
	EndProjectSection
EndProject
Project("{8BC9CEB8-8B4A-11D0-8D11-00A0C91BC942}") = "shipkitkcsiacu", "port\shipkitkcsiacu.vcproj", "{5F45F30B-E373-43BC-9F4F-5FB3D900BB86}"
	ProjectSection(ProjectDependencies) = postProject
		{BE5B5E55-D115-431A-9F7C-BFADC0650565} = {BE5B5E55-D115-431A-9F7C-BFADC0650565}
	EndProjectSection
EndProject
Project("{8BC9CEB8-8B4A-11D0-8D11-00A0C91BC942}") = "shipkitwisp", "PORT\shipkitwisp.vcproj", "{243D6218-A649-4BE1-8AE3-C8ED87B29808}"
	ProjectSection(ProjectDependencies) = postProject
		{1FD3A666-3297-4B68-AB44-6109A8819E90} = {1FD3A666-3297-4B68-AB44-6109A8819E90}
	EndProjectSection
EndProject
Project("{8BC9CEB8-8B4A-11D0-8D11-00A0C91BC942}") = "sswsort", "sswsort\sswsort.vcproj", "{AB43C341-F9F2-41E0-9271-F9F5AA35252E}"
EndProject
Project("{8BC9CEB8-8B4A-11D0-8D11-00A0C91BC942}") = "testacu", "test\testacu.vcproj", "{44409EAF-B6FE-4760-B888-2D949AE8C6B7}"
	ProjectSection(ProjectDependencies) = postProject
		{4268E55E-3F09-416A-A97C-7F2ACA308ECA} = {4268E55E-3F09-416A-A97C-7F2ACA308ECA}
		{7A4567F6-E816-4567-9B3D-65E168A77A41} = {7A4567F6-E816-4567-9B3D-65E168A77A41}
	EndProjectSection
EndProject
Project("{8BC9CEB8-8B4A-11D0-8D11-00A0C91BC942}") = "videolib", "videolib\videolib.vcproj", "{3EE153BF-AA07-4929-8FA5-3687BB168071}"
EndProject
Project("{8BC9CEB8-8B4A-11D0-8D11-00A0C91BC942}") = "videotest", "videotest\videotest.vcproj", "{B5C3BCA5-F481-48E6-9BAC-BAF53BC10744}"
	ProjectSection(ProjectDependencies) = postProject
		{3EE153BF-AA07-4929-8FA5-3687BB168071} = {3EE153BF-AA07-4929-8FA5-3687BB168071}
	EndProjectSection
EndProject
Project("{8BC9CEB8-8B4A-11D0-8D11-00A0C91BC942}") = "vsedit", "vsedit\vsedit.vcproj", "{1EC0443E-6826-4E37-AB54-04D57B3EE289}"
	ProjectSection(ProjectDependencies) = postProject
		{A35B613F-4406-41F4-9CB6-C724AECE35A5} = {A35B613F-4406-41F4-9CB6-C724AECE35A5}
		{3EE153BF-AA07-4929-8FA5-3687BB168071} = {3EE153BF-AA07-4929-8FA5-3687BB168071}
	EndProjectSection
EndProject
Project("{8BC9CEB8-8B4A-11D0-8D11-00A0C91BC942}") = "vsx", "wisputils\vsx.vcproj", "{09FEBE12-DBAE-4734-85E6-272059450B85}"
EndProject
Project("{8BC9CEB8-8B4A-11D0-8D11-00A0C91BC942}") = "wauthorize", "wauth\wauthorize.vcproj", "{222C3D43-6758-4022-90ED-2E2D38575DAD}"
	ProjectSection(ProjectDependencies) = postProject
		{A35B613F-4406-41F4-9CB6-C724AECE35A5} = {A35B613F-4406-41F4-9CB6-C724AECE35A5}
	EndProjectSection
EndProject
Project("{8BC9CEB8-8B4A-11D0-8D11-00A0C91BC942}") = "wcopy", "wisputils\wcopy.vcproj", "{7C68D4EE-F3C7-4A8D-A277-028FF6244232}"
	ProjectSection(ProjectDependencies) = postProject
		{A35B613F-4406-41F4-9CB6-C724AECE35A5} = {A35B613F-4406-41F4-9CB6-C724AECE35A5}
		{3EE153BF-AA07-4929-8FA5-3687BB168071} = {3EE153BF-AA07-4929-8FA5-3687BB168071}
	EndProjectSection
EndProject
Project("{8BC9CEB8-8B4A-11D0-8D11-00A0C91BC942}") = "wdiag", "wisputils\wdiag.vcproj", "{6B1F33B4-99AC-4FB1-AFDE-D0A27035DCE6}"
	ProjectSection(ProjectDependencies) = postProject
		{A35B613F-4406-41F4-9CB6-C724AECE35A5} = {A35B613F-4406-41F4-9CB6-C724AECE35A5}
		{3EE153BF-AA07-4929-8FA5-3687BB168071} = {3EE153BF-AA07-4929-8FA5-3687BB168071}
	EndProjectSection
EndProject
Project("{8BC9CEB8-8B4A-11D0-8D11-00A0C91BC942}") = "wispkit", "port\wispkit.vcproj", "{1FD3A666-3297-4B68-AB44-6109A8819E90}"
	ProjectSection(ProjectDependencies) = postProject
		{3D842722-9E32-40F4-8E89-1882E8AE7B0E} = {3D842722-9E32-40F4-8E89-1882E8AE7B0E}
		{2F313F28-FC10-44A1-855B-09522D16E95B} = {2F313F28-FC10-44A1-855B-09522D16E95B}
		{A35B613F-4406-41F4-9CB6-C724AECE35A5} = {A35B613F-4406-41F4-9CB6-C724AECE35A5}
		{53167940-ACA4-42FD-950C-00476D3F5801} = {53167940-ACA4-42FD-950C-00476D3F5801}
		{B5C3BCA5-F481-48E6-9BAC-BAF53BC10744} = {B5C3BCA5-F481-48E6-9BAC-BAF53BC10744}
		{3EE153BF-AA07-4929-8FA5-3687BB168071} = {3EE153BF-AA07-4929-8FA5-3687BB168071}
		{F0A5D0C6-2123-444D-BF0B-E1406F782FB9} = {F0A5D0C6-2123-444D-BF0B-E1406F782FB9}
		{2C42A6D6-76E3-4530-ADBF-D32662B4441C} = {2C42A6D6-76E3-4530-ADBF-D32662B4441C}
		{29EBC3F4-187D-47B6-9106-5FAE3511869D} = {29EBC3F4-187D-47B6-9106-5FAE3511869D}
		{25F24DFD-A297-483C-89F6-5B94E312B974} = {25F24DFD-A297-483C-89F6-5B94E312B974}
	EndProjectSection
EndProject
Project("{8BC9CEB8-8B4A-11D0-8D11-00A0C91BC942}") = "wisplib", "wisplib\wisplib.vcproj", "{A35B613F-4406-41F4-9CB6-C724AECE35A5}"
EndProject
Project("{8BC9CEB8-8B4A-11D0-8D11-00A0C91BC942}") = "wisptran", "wisptran\wisptran.vcproj", "{2C42A6D6-76E3-4530-ADBF-D32662B4441C}"
EndProject
Project("{8BC9CEB8-8B4A-11D0-8D11-00A0C91BC942}") = "wisptran_test", "wisptran\wisptran_test.vcproj", "{4268E55E-3F09-416A-A97C-7F2ACA308ECA}"
	ProjectSection(ProjectDependencies) = postProject
		{2C42A6D6-76E3-4530-ADBF-D32662B4441C} = {2C42A6D6-76E3-4530-ADBF-D32662B4441C}
	EndProjectSection
EndProject
Project("{8BC9CEB8-8B4A-11D0-8D11-00A0C91BC942}") = "wisputils", "wisputils\wisputils.vcproj", "{53167940-ACA4-42FD-950C-00476D3F5801}"
	ProjectSection(ProjectDependencies) = postProject
		{1CE94805-101E-4961-8EC2-FA568A36C26C} = {1CE94805-101E-4961-8EC2-FA568A36C26C}
		{7C893D06-DAE4-4A5C-B37A-7C8D3BD1629F} = {7C893D06-DAE4-4A5C-B37A-7C8D3BD1629F}
		{09FEBE12-DBAE-4734-85E6-272059450B85} = {09FEBE12-DBAE-4734-85E6-272059450B85}
		{54808A19-17C4-4976-B68E-49A49B5F517C} = {54808A19-17C4-4976-B68E-49A49B5F517C}
		{4840AC1F-F265-48D2-BDAC-145303A37F6F} = {4840AC1F-F265-48D2-BDAC-145303A37F6F}
		{58968529-ECB8-415F-A1BA-06AC7E11FAD7} = {58968529-ECB8-415F-A1BA-06AC7E11FAD7}
		{3C97FE2F-94CC-41CD-91FB-ABCD5DF79FFA} = {3C97FE2F-94CC-41CD-91FB-ABCD5DF79FFA}
		{1EC0443E-6826-4E37-AB54-04D57B3EE289} = {1EC0443E-6826-4E37-AB54-04D57B3EE289}
		{2F46D44C-2694-4A87-BE43-528F8BE217C2} = {2F46D44C-2694-4A87-BE43-528F8BE217C2}
		{62CED551-FD75-48B8-BB2C-DE2C93C24595} = {62CED551-FD75-48B8-BB2C-DE2C93C24595}
		{7A2F1271-2B36-41C9-A987-5E56EC7EA814} = {7A2F1271-2B36-41C9-A987-5E56EC7EA814}
		{9C27A59E-5537-471C-96BC-125FE644EE8A} = {9C27A59E-5537-471C-96BC-125FE644EE8A}
		{7D0D7DAD-24E5-4439-9623-2BB46F8AAFC6} = {7D0D7DAD-24E5-4439-9623-2BB46F8AAFC6}
		{6B1F33B4-99AC-4FB1-AFDE-D0A27035DCE6} = {6B1F33B4-99AC-4FB1-AFDE-D0A27035DCE6}
		{C73BF3D4-2B93-4FB8-9F3E-00FCCA69BF49} = {C73BF3D4-2B93-4FB8-9F3E-00FCCA69BF49}
		{A18953D7-04EF-4033-BE26-EC5E7DA51F42} = {A18953D7-04EF-4033-BE26-EC5E7DA51F42}
		{7C68D4EE-F3C7-4A8D-A277-028FF6244232} = {7C68D4EE-F3C7-4A8D-A277-028FF6244232}
	EndProjectSection
EndProject
Project("{8BC9CEB8-8B4A-11D0-8D11-00A0C91BC942}") = "wlicense", "wisputils\wlicense.vcproj", "{54808A19-17C4-4976-B68E-49A49B5F517C}"
EndProject
Project("{8BC9CEB8-8B4A-11D0-8D11-00A0C91BC942}") = "wlictest", "wisputils\wlictest.vcproj", "{1CE94805-101E-4961-8EC2-FA568A36C26C}"
	ProjectSection(ProjectDependencies) = postProject
		{A35B613F-4406-41F4-9CB6-C724AECE35A5} = {A35B613F-4406-41F4-9CB6-C724AECE35A5}
		{3EE153BF-AA07-4929-8FA5-3687BB168071} = {3EE153BF-AA07-4929-8FA5-3687BB168071}
	EndProjectSection
EndProject
Project("{8BC9CEB8-8B4A-11D0-8D11-00A0C91BC942}") = "wproc", "wproc\wproc.vcproj", "{4840AC1F-F265-48D2-BDAC-145303A37F6F}"
	ProjectSection(ProjectDependencies) = postProject
		{A35B613F-4406-41F4-9CB6-C724AECE35A5} = {A35B613F-4406-41F4-9CB6-C724AECE35A5}
		{3EE153BF-AA07-4929-8FA5-3687BB168071} = {3EE153BF-AA07-4929-8FA5-3687BB168071}
	EndProjectSection
EndProject
Project("{8BC9CEB8-8B4A-11D0-8D11-00A0C91BC942}") = "wrun", "wisputils\wrun.vcproj", "{C73BF3D4-2B93-4FB8-9F3E-00FCCA69BF49}"
EndProject
Project("{8BC9CEB8-8B4A-11D0-8D11-00A0C91BC942}") = "wrunt", "WISPUTILS\wrunt.vcproj", "{7C893D06-DAE4-4A5C-B37A-7C8D3BD1629F}"
	ProjectSection(ProjectDependencies) = postProject
		{A35B613F-4406-41F4-9CB6-C724AECE35A5} = {A35B613F-4406-41F4-9CB6-C724AECE35A5}
	EndProjectSection
EndProject
Project("{8BC9CEB8-8B4A-11D0-8D11-00A0C91BC942}") = "wshell", "wisputils\wshell.vcproj", "{9C27A59E-5537-471C-96BC-125FE644EE8A}"
	ProjectSection(ProjectDependencies) = postProject
		{A35B613F-4406-41F4-9CB6-C724AECE35A5} = {A35B613F-4406-41F4-9CB6-C724AECE35A5}
		{3EE153BF-AA07-4929-8FA5-3687BB168071} = {3EE153BF-AA07-4929-8FA5-3687BB168071}
	EndProjectSection
EndProject
Project("{8BC9CEB8-8B4A-11D0-8D11-00A0C91BC942}") = "wsort", "wisputils\wsort.vcproj", "{3C97FE2F-94CC-41CD-91FB-ABCD5DF79FFA}"
	ProjectSection(ProjectDependencies) = postProject
		{A35B613F-4406-41F4-9CB6-C724AECE35A5} = {A35B613F-4406-41F4-9CB6-C724AECE35A5}
		{3EE153BF-AA07-4929-8FA5-3687BB168071} = {3EE153BF-AA07-4929-8FA5-3687BB168071}
	EndProjectSection
EndProject
Project("{8BC9CEB8-8B4A-11D0-8D11-00A0C91BC942}") = "wusage", "wisputils\wusage.vcproj", "{2F46D44C-2694-4A87-BE43-528F8BE217C2}"
	ProjectSection(ProjectDependencies) = postProject
		{A35B613F-4406-41F4-9CB6-C724AECE35A5} = {A35B613F-4406-41F4-9CB6-C724AECE35A5}
		{3EE153BF-AA07-4929-8FA5-3687BB168071} = {3EE153BF-AA07-4929-8FA5-3687BB168071}
	EndProjectSection
EndProject
Project("{8BC9CEB8-8B4A-11D0-8D11-00A0C91BC942}") = "acu72_wisp", "acu\acu72\acu72_wisp.vcproj", "{9088788C-1CF5-4159-9EC8-43D4F41A0631}"
EndProject
Project("{8BC9CEB8-8B4A-11D0-8D11-00A0C91BC942}") = "acu72_kcsi", "acu\acu72\acu72_kcsi.vcproj", "{E0085336-A21F-4295-A9E6-1A97EBFE1EF9}"
EndProject
Global
	GlobalSection(SolutionConfigurationPlatforms) = preSolution
		BoundsChecker|Win32 = BoundsChecker|Win32
		Debug|Win32 = Debug|Win32
		Release|Win32 = Release|Win32
	EndGlobalSection
	GlobalSection(ProjectConfigurationPlatforms) = postSolution
		{25F24DFD-A297-483C-89F6-5B94E312B974}.BoundsChecker|Win32.ActiveCfg = Release|Win32
		{25F24DFD-A297-483C-89F6-5B94E312B974}.BoundsChecker|Win32.Build.0 = Release|Win32
		{25F24DFD-A297-483C-89F6-5B94E312B974}.Debug|Win32.ActiveCfg = Debug|Win32
		{25F24DFD-A297-483C-89F6-5B94E312B974}.Debug|Win32.Build.0 = Debug|Win32
		{25F24DFD-A297-483C-89F6-5B94E312B974}.Release|Win32.ActiveCfg = Release|Win32
		{25F24DFD-A297-483C-89F6-5B94E312B974}.Release|Win32.Build.0 = Release|Win32
		{3D842722-9E32-40F4-8E89-1882E8AE7B0E}.BoundsChecker|Win32.ActiveCfg = Release|Win32
		{3D842722-9E32-40F4-8E89-1882E8AE7B0E}.BoundsChecker|Win32.Build.0 = Release|Win32
		{3D842722-9E32-40F4-8E89-1882E8AE7B0E}.Debug|Win32.ActiveCfg = Debug|Win32
		{3D842722-9E32-40F4-8E89-1882E8AE7B0E}.Debug|Win32.Build.0 = Debug|Win32
		{3D842722-9E32-40F4-8E89-1882E8AE7B0E}.Release|Win32.ActiveCfg = Release|Win32
		{3D842722-9E32-40F4-8E89-1882E8AE7B0E}.Release|Win32.Build.0 = Release|Win32
		{7E3B627D-2D93-4AC8-9368-6BDD9DE2DEA9}.BoundsChecker|Win32.ActiveCfg = Debug|Win32
		{7E3B627D-2D93-4AC8-9368-6BDD9DE2DEA9}.BoundsChecker|Win32.Build.0 = Debug|Win32
		{7E3B627D-2D93-4AC8-9368-6BDD9DE2DEA9}.Debug|Win32.ActiveCfg = Debug|Win32
		{7E3B627D-2D93-4AC8-9368-6BDD9DE2DEA9}.Debug|Win32.Build.0 = Debug|Win32
		{7E3B627D-2D93-4AC8-9368-6BDD9DE2DEA9}.Release|Win32.ActiveCfg = Release|Win32
		{7E3B627D-2D93-4AC8-9368-6BDD9DE2DEA9}.Release|Win32.Build.0 = Release|Win32
		{C30925AA-422D-43BA-B169-134800496418}.BoundsChecker|Win32.ActiveCfg = Debug|Win32
		{C30925AA-422D-43BA-B169-134800496418}.BoundsChecker|Win32.Build.0 = Debug|Win32
		{C30925AA-422D-43BA-B169-134800496418}.Debug|Win32.ActiveCfg = Debug|Win32
		{C30925AA-422D-43BA-B169-134800496418}.Debug|Win32.Build.0 = Debug|Win32
		{C30925AA-422D-43BA-B169-134800496418}.Release|Win32.ActiveCfg = Release|Win32
		{C30925AA-422D-43BA-B169-134800496418}.Release|Win32.Build.0 = Release|Win32
		{AF36FD73-D634-4464-A01D-68B4DE147937}.BoundsChecker|Win32.ActiveCfg = Release|Win32
		{AF36FD73-D634-4464-A01D-68B4DE147937}.BoundsChecker|Win32.Build.0 = Release|Win32
		{AF36FD73-D634-4464-A01D-68B4DE147937}.Debug|Win32.ActiveCfg = Debug|Win32
		{AF36FD73-D634-4464-A01D-68B4DE147937}.Debug|Win32.Build.0 = Debug|Win32
		{AF36FD73-D634-4464-A01D-68B4DE147937}.Release|Win32.ActiveCfg = Release|Win32
		{AF36FD73-D634-4464-A01D-68B4DE147937}.Release|Win32.Build.0 = Release|Win32
		{C0DB85C1-F5D3-40B7-B628-12A9FC9D9ED3}.BoundsChecker|Win32.ActiveCfg = Debug|Win32
		{C0DB85C1-F5D3-40B7-B628-12A9FC9D9ED3}.BoundsChecker|Win32.Build.0 = Debug|Win32
		{C0DB85C1-F5D3-40B7-B628-12A9FC9D9ED3}.Debug|Win32.ActiveCfg = Debug|Win32
		{C0DB85C1-F5D3-40B7-B628-12A9FC9D9ED3}.Debug|Win32.Build.0 = Debug|Win32
		{C0DB85C1-F5D3-40B7-B628-12A9FC9D9ED3}.Release|Win32.ActiveCfg = Release|Win32
		{C0DB85C1-F5D3-40B7-B628-12A9FC9D9ED3}.Release|Win32.Build.0 = Release|Win32
		{3017394E-DD34-4857-8C7F-E9D411697EFC}.BoundsChecker|Win32.ActiveCfg = Release|Win32
		{3017394E-DD34-4857-8C7F-E9D411697EFC}.BoundsChecker|Win32.Build.0 = Release|Win32
		{3017394E-DD34-4857-8C7F-E9D411697EFC}.Debug|Win32.ActiveCfg = Debug|Win32
		{3017394E-DD34-4857-8C7F-E9D411697EFC}.Debug|Win32.Build.0 = Debug|Win32
		{3017394E-DD34-4857-8C7F-E9D411697EFC}.Release|Win32.ActiveCfg = Release|Win32
		{3017394E-DD34-4857-8C7F-E9D411697EFC}.Release|Win32.Build.0 = Release|Win32
		{51805E10-AADA-468A-AD32-1AB323AE0A23}.BoundsChecker|Win32.ActiveCfg = Debug|Win32
		{51805E10-AADA-468A-AD32-1AB323AE0A23}.BoundsChecker|Win32.Build.0 = Debug|Win32
		{51805E10-AADA-468A-AD32-1AB323AE0A23}.Debug|Win32.ActiveCfg = Debug|Win32
		{51805E10-AADA-468A-AD32-1AB323AE0A23}.Debug|Win32.Build.0 = Debug|Win32
		{51805E10-AADA-468A-AD32-1AB323AE0A23}.Release|Win32.ActiveCfg = Release|Win32
		{51805E10-AADA-468A-AD32-1AB323AE0A23}.Release|Win32.Build.0 = Release|Win32
		{1C96B053-2E25-4CDD-A4E2-DAC14FAE6BD0}.BoundsChecker|Win32.ActiveCfg = Debug|Win32
		{1C96B053-2E25-4CDD-A4E2-DAC14FAE6BD0}.BoundsChecker|Win32.Build.0 = Debug|Win32
		{1C96B053-2E25-4CDD-A4E2-DAC14FAE6BD0}.Debug|Win32.ActiveCfg = Debug|Win32
		{1C96B053-2E25-4CDD-A4E2-DAC14FAE6BD0}.Debug|Win32.Build.0 = Debug|Win32
		{1C96B053-2E25-4CDD-A4E2-DAC14FAE6BD0}.Release|Win32.ActiveCfg = Release|Win32
		{1C96B053-2E25-4CDD-A4E2-DAC14FAE6BD0}.Release|Win32.Build.0 = Release|Win32
		{3EB2E941-F6AD-4103-97AB-EE0F9E9C0E71}.BoundsChecker|Win32.ActiveCfg = Release|Win32
		{3EB2E941-F6AD-4103-97AB-EE0F9E9C0E71}.BoundsChecker|Win32.Build.0 = Release|Win32
		{3EB2E941-F6AD-4103-97AB-EE0F9E9C0E71}.Debug|Win32.ActiveCfg = Debug|Win32
		{3EB2E941-F6AD-4103-97AB-EE0F9E9C0E71}.Debug|Win32.Build.0 = Debug|Win32
		{3EB2E941-F6AD-4103-97AB-EE0F9E9C0E71}.Release|Win32.ActiveCfg = Release|Win32
		{3EB2E941-F6AD-4103-97AB-EE0F9E9C0E71}.Release|Win32.Build.0 = Release|Win32
		{5CC53D8D-EA37-49D5-A2D8-362275E20659}.BoundsChecker|Win32.ActiveCfg = Debug|Win32
		{5CC53D8D-EA37-49D5-A2D8-362275E20659}.BoundsChecker|Win32.Build.0 = Debug|Win32
		{5CC53D8D-EA37-49D5-A2D8-362275E20659}.Debug|Win32.ActiveCfg = Debug|Win32
		{5CC53D8D-EA37-49D5-A2D8-362275E20659}.Debug|Win32.Build.0 = Debug|Win32
		{5CC53D8D-EA37-49D5-A2D8-362275E20659}.Release|Win32.ActiveCfg = Release|Win32
		{5CC53D8D-EA37-49D5-A2D8-362275E20659}.Release|Win32.Build.0 = Release|Win32
		{2FA5801E-CB50-445F-8F3E-A8E015239118}.BoundsChecker|Win32.ActiveCfg = Release|Win32
		{2FA5801E-CB50-445F-8F3E-A8E015239118}.BoundsChecker|Win32.Build.0 = Release|Win32
		{2FA5801E-CB50-445F-8F3E-A8E015239118}.Debug|Win32.ActiveCfg = Debug|Win32
		{2FA5801E-CB50-445F-8F3E-A8E015239118}.Debug|Win32.Build.0 = Debug|Win32
		{2FA5801E-CB50-445F-8F3E-A8E015239118}.Release|Win32.ActiveCfg = Release|Win32
		{2FA5801E-CB50-445F-8F3E-A8E015239118}.Release|Win32.Build.0 = Release|Win32
		{7FF74D69-804A-4648-8A77-534A4F618333}.BoundsChecker|Win32.ActiveCfg = Debug|Win32
		{7FF74D69-804A-4648-8A77-534A4F618333}.BoundsChecker|Win32.Build.0 = Debug|Win32
		{7FF74D69-804A-4648-8A77-534A4F618333}.Debug|Win32.ActiveCfg = Debug|Win32
		{7FF74D69-804A-4648-8A77-534A4F618333}.Debug|Win32.Build.0 = Debug|Win32
		{7FF74D69-804A-4648-8A77-534A4F618333}.Release|Win32.ActiveCfg = Release|Win32
		{7FF74D69-804A-4648-8A77-534A4F618333}.Release|Win32.Build.0 = Release|Win32
		{8A416EB0-2EFC-4703-BB0C-81EB2B97E152}.BoundsChecker|Win32.ActiveCfg = Release|Win32
		{8A416EB0-2EFC-4703-BB0C-81EB2B97E152}.BoundsChecker|Win32.Build.0 = Release|Win32
		{8A416EB0-2EFC-4703-BB0C-81EB2B97E152}.Debug|Win32.ActiveCfg = Debug|Win32
		{8A416EB0-2EFC-4703-BB0C-81EB2B97E152}.Debug|Win32.Build.0 = Debug|Win32
		{8A416EB0-2EFC-4703-BB0C-81EB2B97E152}.Release|Win32.ActiveCfg = Release|Win32
		{8A416EB0-2EFC-4703-BB0C-81EB2B97E152}.Release|Win32.Build.0 = Release|Win32
		{58968529-ECB8-415F-A1BA-06AC7E11FAD7}.BoundsChecker|Win32.ActiveCfg = Release|Win32
		{58968529-ECB8-415F-A1BA-06AC7E11FAD7}.BoundsChecker|Win32.Build.0 = Release|Win32
		{58968529-ECB8-415F-A1BA-06AC7E11FAD7}.Debug|Win32.ActiveCfg = Debug|Win32
		{58968529-ECB8-415F-A1BA-06AC7E11FAD7}.Debug|Win32.Build.0 = Debug|Win32
		{58968529-ECB8-415F-A1BA-06AC7E11FAD7}.Release|Win32.ActiveCfg = Release|Win32
		{58968529-ECB8-415F-A1BA-06AC7E11FAD7}.Release|Win32.Build.0 = Release|Win32
		{0EB54808-9234-4B5E-A571-06524488333C}.BoundsChecker|Win32.ActiveCfg = Release|Win32
		{0EB54808-9234-4B5E-A571-06524488333C}.BoundsChecker|Win32.Build.0 = Release|Win32
		{0EB54808-9234-4B5E-A571-06524488333C}.Debug|Win32.ActiveCfg = Debug|Win32
		{0EB54808-9234-4B5E-A571-06524488333C}.Debug|Win32.Build.0 = Debug|Win32
		{0EB54808-9234-4B5E-A571-06524488333C}.Release|Win32.ActiveCfg = Release|Win32
		{0EB54808-9234-4B5E-A571-06524488333C}.Release|Win32.Build.0 = Release|Win32
		{EF4E24BA-1A6A-409B-9BCB-47D09BCA8324}.BoundsChecker|Win32.ActiveCfg = Release|Win32
		{EF4E24BA-1A6A-409B-9BCB-47D09BCA8324}.BoundsChecker|Win32.Build.0 = Release|Win32
		{EF4E24BA-1A6A-409B-9BCB-47D09BCA8324}.Debug|Win32.ActiveCfg = Debug|Win32
		{EF4E24BA-1A6A-409B-9BCB-47D09BCA8324}.Debug|Win32.Build.0 = Debug|Win32
		{EF4E24BA-1A6A-409B-9BCB-47D09BCA8324}.Release|Win32.ActiveCfg = Release|Win32
		{EF4E24BA-1A6A-409B-9BCB-47D09BCA8324}.Release|Win32.Build.0 = Release|Win32
		{89E19F1A-CC57-4B1F-93B8-0FF7D3CCB9D2}.BoundsChecker|Win32.ActiveCfg = Debug|Win32
		{89E19F1A-CC57-4B1F-93B8-0FF7D3CCB9D2}.BoundsChecker|Win32.Build.0 = Debug|Win32
		{89E19F1A-CC57-4B1F-93B8-0FF7D3CCB9D2}.Debug|Win32.ActiveCfg = Debug|Win32
		{89E19F1A-CC57-4B1F-93B8-0FF7D3CCB9D2}.Debug|Win32.Build.0 = Debug|Win32
		{89E19F1A-CC57-4B1F-93B8-0FF7D3CCB9D2}.Release|Win32.ActiveCfg = Release|Win32
		{89E19F1A-CC57-4B1F-93B8-0FF7D3CCB9D2}.Release|Win32.Build.0 = Release|Win32
		{1CEECD4F-12D0-44E4-A1A7-E274EEBC3363}.BoundsChecker|Win32.ActiveCfg = Debug|Win32
		{1CEECD4F-12D0-44E4-A1A7-E274EEBC3363}.BoundsChecker|Win32.Build.0 = Debug|Win32
		{1CEECD4F-12D0-44E4-A1A7-E274EEBC3363}.Debug|Win32.ActiveCfg = Debug|Win32
		{1CEECD4F-12D0-44E4-A1A7-E274EEBC3363}.Debug|Win32.Build.0 = Debug|Win32
		{1CEECD4F-12D0-44E4-A1A7-E274EEBC3363}.Release|Win32.ActiveCfg = Release|Win32
		{1CEECD4F-12D0-44E4-A1A7-E274EEBC3363}.Release|Win32.Build.0 = Release|Win32
		{62CED551-FD75-48B8-BB2C-DE2C93C24595}.BoundsChecker|Win32.ActiveCfg = Release|Win32
		{62CED551-FD75-48B8-BB2C-DE2C93C24595}.BoundsChecker|Win32.Build.0 = Release|Win32
		{62CED551-FD75-48B8-BB2C-DE2C93C24595}.Debug|Win32.ActiveCfg = Debug|Win32
		{62CED551-FD75-48B8-BB2C-DE2C93C24595}.Debug|Win32.Build.0 = Debug|Win32
		{62CED551-FD75-48B8-BB2C-DE2C93C24595}.Release|Win32.ActiveCfg = Release|Win32
		{62CED551-FD75-48B8-BB2C-DE2C93C24595}.Release|Win32.Build.0 = Release|Win32
		{BE5B5E55-D115-431A-9F7C-BFADC0650565}.BoundsChecker|Win32.ActiveCfg = Release|Win32
		{BE5B5E55-D115-431A-9F7C-BFADC0650565}.BoundsChecker|Win32.Build.0 = Release|Win32
		{BE5B5E55-D115-431A-9F7C-BFADC0650565}.Debug|Win32.ActiveCfg = Debug|Win32
		{BE5B5E55-D115-431A-9F7C-BFADC0650565}.Debug|Win32.Build.0 = Debug|Win32
		{BE5B5E55-D115-431A-9F7C-BFADC0650565}.Release|Win32.ActiveCfg = Release|Win32
		{BE5B5E55-D115-431A-9F7C-BFADC0650565}.Release|Win32.Build.0 = Release|Win32
		{FD3DE444-80B9-4B36-937A-3C2D48508562}.BoundsChecker|Win32.ActiveCfg = Release|Win32
		{FD3DE444-80B9-4B36-937A-3C2D48508562}.BoundsChecker|Win32.Build.0 = Release|Win32
		{FD3DE444-80B9-4B36-937A-3C2D48508562}.Debug|Win32.ActiveCfg = Debug|Win32
		{FD3DE444-80B9-4B36-937A-3C2D48508562}.Debug|Win32.Build.0 = Debug|Win32
		{FD3DE444-80B9-4B36-937A-3C2D48508562}.Release|Win32.ActiveCfg = Release|Win32
		{FD3DE444-80B9-4B36-937A-3C2D48508562}.Release|Win32.Build.0 = Release|Win32
		{4E2D6977-209E-46A1-9B1E-51A0EB8778C9}.BoundsChecker|Win32.ActiveCfg = Debug|Win32
		{4E2D6977-209E-46A1-9B1E-51A0EB8778C9}.BoundsChecker|Win32.Build.0 = Debug|Win32
		{4E2D6977-209E-46A1-9B1E-51A0EB8778C9}.Debug|Win32.ActiveCfg = Debug|Win32
		{4E2D6977-209E-46A1-9B1E-51A0EB8778C9}.Debug|Win32.Build.0 = Debug|Win32
		{4E2D6977-209E-46A1-9B1E-51A0EB8778C9}.Release|Win32.ActiveCfg = Release|Win32
		{4E2D6977-209E-46A1-9B1E-51A0EB8778C9}.Release|Win32.Build.0 = Release|Win32
		{E3FF808B-82A5-4689-AD4A-1BE1745D96AF}.BoundsChecker|Win32.ActiveCfg = Debug|Win32
		{E3FF808B-82A5-4689-AD4A-1BE1745D96AF}.BoundsChecker|Win32.Build.0 = Debug|Win32
		{E3FF808B-82A5-4689-AD4A-1BE1745D96AF}.Debug|Win32.ActiveCfg = Debug|Win32
		{E3FF808B-82A5-4689-AD4A-1BE1745D96AF}.Debug|Win32.Build.0 = Debug|Win32
		{E3FF808B-82A5-4689-AD4A-1BE1745D96AF}.Release|Win32.ActiveCfg = Release|Win32
		{E3FF808B-82A5-4689-AD4A-1BE1745D96AF}.Release|Win32.Build.0 = Release|Win32
		{2F313F28-FC10-44A1-855B-09522D16E95B}.BoundsChecker|Win32.ActiveCfg = Release|Win32
		{2F313F28-FC10-44A1-855B-09522D16E95B}.BoundsChecker|Win32.Build.0 = Release|Win32
		{2F313F28-FC10-44A1-855B-09522D16E95B}.Debug|Win32.ActiveCfg = Debug|Win32
		{2F313F28-FC10-44A1-855B-09522D16E95B}.Debug|Win32.Build.0 = Debug|Win32
		{2F313F28-FC10-44A1-855B-09522D16E95B}.Release|Win32.ActiveCfg = Release|Win32
		{2F313F28-FC10-44A1-855B-09522D16E95B}.Release|Win32.Build.0 = Release|Win32
		{29EBC3F4-187D-47B6-9106-5FAE3511869D}.BoundsChecker|Win32.ActiveCfg = Release|Win32
		{29EBC3F4-187D-47B6-9106-5FAE3511869D}.BoundsChecker|Win32.Build.0 = Release|Win32
		{29EBC3F4-187D-47B6-9106-5FAE3511869D}.Debug|Win32.ActiveCfg = Debug|Win32
		{29EBC3F4-187D-47B6-9106-5FAE3511869D}.Debug|Win32.Build.0 = Debug|Win32
		{29EBC3F4-187D-47B6-9106-5FAE3511869D}.Release|Win32.ActiveCfg = Release|Win32
		{29EBC3F4-187D-47B6-9106-5FAE3511869D}.Release|Win32.Build.0 = Release|Win32
		{F0A5D0C6-2123-444D-BF0B-E1406F782FB9}.BoundsChecker|Win32.ActiveCfg = BoundsChecker|Win32
		{F0A5D0C6-2123-444D-BF0B-E1406F782FB9}.BoundsChecker|Win32.Build.0 = BoundsChecker|Win32
		{F0A5D0C6-2123-444D-BF0B-E1406F782FB9}.Debug|Win32.ActiveCfg = Debug|Win32
		{F0A5D0C6-2123-444D-BF0B-E1406F782FB9}.Debug|Win32.Build.0 = Debug|Win32
		{F0A5D0C6-2123-444D-BF0B-E1406F782FB9}.Release|Win32.ActiveCfg = Release|Win32
		{F0A5D0C6-2123-444D-BF0B-E1406F782FB9}.Release|Win32.Build.0 = Release|Win32
		{7A2F1271-2B36-41C9-A987-5E56EC7EA814}.BoundsChecker|Win32.ActiveCfg = Release|Win32
		{7A2F1271-2B36-41C9-A987-5E56EC7EA814}.BoundsChecker|Win32.Build.0 = Release|Win32
		{7A2F1271-2B36-41C9-A987-5E56EC7EA814}.Debug|Win32.ActiveCfg = Debug|Win32
		{7A2F1271-2B36-41C9-A987-5E56EC7EA814}.Debug|Win32.Build.0 = Debug|Win32
		{7A2F1271-2B36-41C9-A987-5E56EC7EA814}.Release|Win32.ActiveCfg = Release|Win32
		{7A2F1271-2B36-41C9-A987-5E56EC7EA814}.Release|Win32.Build.0 = Release|Win32
		{7D0D7DAD-24E5-4439-9623-2BB46F8AAFC6}.BoundsChecker|Win32.ActiveCfg = Debug|Win32
		{7D0D7DAD-24E5-4439-9623-2BB46F8AAFC6}.BoundsChecker|Win32.Build.0 = Debug|Win32
		{7D0D7DAD-24E5-4439-9623-2BB46F8AAFC6}.Debug|Win32.ActiveCfg = Debug|Win32
		{7D0D7DAD-24E5-4439-9623-2BB46F8AAFC6}.Debug|Win32.Build.0 = Debug|Win32
		{7D0D7DAD-24E5-4439-9623-2BB46F8AAFC6}.Release|Win32.ActiveCfg = Release|Win32
		{7D0D7DAD-24E5-4439-9623-2BB46F8AAFC6}.Release|Win32.Build.0 = Release|Win32
		{A18953D7-04EF-4033-BE26-EC5E7DA51F42}.BoundsChecker|Win32.ActiveCfg = Release|Win32
		{A18953D7-04EF-4033-BE26-EC5E7DA51F42}.BoundsChecker|Win32.Build.0 = Release|Win32
		{A18953D7-04EF-4033-BE26-EC5E7DA51F42}.Debug|Win32.ActiveCfg = Debug|Win32
		{A18953D7-04EF-4033-BE26-EC5E7DA51F42}.Debug|Win32.Build.0 = Debug|Win32
		{A18953D7-04EF-4033-BE26-EC5E7DA51F42}.Release|Win32.ActiveCfg = Release|Win32
		{A18953D7-04EF-4033-BE26-EC5E7DA51F42}.Release|Win32.Build.0 = Release|Win32
		{7A4567F6-E816-4567-9B3D-65E168A77A41}.BoundsChecker|Win32.ActiveCfg = Release|Win32
		{7A4567F6-E816-4567-9B3D-65E168A77A41}.BoundsChecker|Win32.Build.0 = Release|Win32
		{7A4567F6-E816-4567-9B3D-65E168A77A41}.Debug|Win32.ActiveCfg = Debug|Win32
		{7A4567F6-E816-4567-9B3D-65E168A77A41}.Debug|Win32.Build.0 = Debug|Win32
		{7A4567F6-E816-4567-9B3D-65E168A77A41}.Release|Win32.ActiveCfg = Release|Win32
		{7A4567F6-E816-4567-9B3D-65E168A77A41}.Release|Win32.Build.0 = Release|Win32
		{D50F082F-CE5C-4AB4-B79C-E5077D3EDD6C}.BoundsChecker|Win32.ActiveCfg = Release|Win32
		{D50F082F-CE5C-4AB4-B79C-E5077D3EDD6C}.BoundsChecker|Win32.Build.0 = Release|Win32
		{D50F082F-CE5C-4AB4-B79C-E5077D3EDD6C}.Debug|Win32.ActiveCfg = Debug|Win32
		{D50F082F-CE5C-4AB4-B79C-E5077D3EDD6C}.Debug|Win32.Build.0 = Debug|Win32
		{D50F082F-CE5C-4AB4-B79C-E5077D3EDD6C}.Release|Win32.ActiveCfg = Release|Win32
		{D50F082F-CE5C-4AB4-B79C-E5077D3EDD6C}.Release|Win32.Build.0 = Release|Win32
		{5F45F30B-E373-43BC-9F4F-5FB3D900BB86}.BoundsChecker|Win32.ActiveCfg = Debug|Win32
		{5F45F30B-E373-43BC-9F4F-5FB3D900BB86}.BoundsChecker|Win32.Build.0 = Debug|Win32
		{5F45F30B-E373-43BC-9F4F-5FB3D900BB86}.Debug|Win32.ActiveCfg = Debug|Win32
		{5F45F30B-E373-43BC-9F4F-5FB3D900BB86}.Debug|Win32.Build.0 = Debug|Win32
		{5F45F30B-E373-43BC-9F4F-5FB3D900BB86}.Release|Win32.ActiveCfg = Release|Win32
		{5F45F30B-E373-43BC-9F4F-5FB3D900BB86}.Release|Win32.Build.0 = Release|Win32
		{243D6218-A649-4BE1-8AE3-C8ED87B29808}.BoundsChecker|Win32.ActiveCfg = Release|Win32
		{243D6218-A649-4BE1-8AE3-C8ED87B29808}.BoundsChecker|Win32.Build.0 = Release|Win32
		{243D6218-A649-4BE1-8AE3-C8ED87B29808}.Debug|Win32.ActiveCfg = Debug|Win32
		{243D6218-A649-4BE1-8AE3-C8ED87B29808}.Debug|Win32.Build.0 = Debug|Win32
		{243D6218-A649-4BE1-8AE3-C8ED87B29808}.Release|Win32.ActiveCfg = Release|Win32
		{243D6218-A649-4BE1-8AE3-C8ED87B29808}.Release|Win32.Build.0 = Release|Win32
		{AB43C341-F9F2-41E0-9271-F9F5AA35252E}.BoundsChecker|Win32.ActiveCfg = Release|Win32
		{AB43C341-F9F2-41E0-9271-F9F5AA35252E}.BoundsChecker|Win32.Build.0 = Release|Win32
		{AB43C341-F9F2-41E0-9271-F9F5AA35252E}.Debug|Win32.ActiveCfg = Debug|Win32
		{AB43C341-F9F2-41E0-9271-F9F5AA35252E}.Debug|Win32.Build.0 = Debug|Win32
		{AB43C341-F9F2-41E0-9271-F9F5AA35252E}.Release|Win32.ActiveCfg = Release|Win32
		{AB43C341-F9F2-41E0-9271-F9F5AA35252E}.Release|Win32.Build.0 = Release|Win32
		{44409EAF-B6FE-4760-B888-2D949AE8C6B7}.BoundsChecker|Win32.ActiveCfg = Debug|Win32
		{44409EAF-B6FE-4760-B888-2D949AE8C6B7}.BoundsChecker|Win32.Build.0 = Debug|Win32
		{44409EAF-B6FE-4760-B888-2D949AE8C6B7}.Debug|Win32.ActiveCfg = Debug|Win32
		{44409EAF-B6FE-4760-B888-2D949AE8C6B7}.Debug|Win32.Build.0 = Debug|Win32
		{44409EAF-B6FE-4760-B888-2D949AE8C6B7}.Release|Win32.ActiveCfg = Release|Win32
		{44409EAF-B6FE-4760-B888-2D949AE8C6B7}.Release|Win32.Build.0 = Release|Win32
		{3EE153BF-AA07-4929-8FA5-3687BB168071}.BoundsChecker|Win32.ActiveCfg = Debug|Win32
		{3EE153BF-AA07-4929-8FA5-3687BB168071}.BoundsChecker|Win32.Build.0 = Debug|Win32
		{3EE153BF-AA07-4929-8FA5-3687BB168071}.Debug|Win32.ActiveCfg = Debug|Win32
		{3EE153BF-AA07-4929-8FA5-3687BB168071}.Debug|Win32.Build.0 = Debug|Win32
		{3EE153BF-AA07-4929-8FA5-3687BB168071}.Release|Win32.ActiveCfg = Release|Win32
		{3EE153BF-AA07-4929-8FA5-3687BB168071}.Release|Win32.Build.0 = Release|Win32
		{B5C3BCA5-F481-48E6-9BAC-BAF53BC10744}.BoundsChecker|Win32.ActiveCfg = Release|Win32
		{B5C3BCA5-F481-48E6-9BAC-BAF53BC10744}.BoundsChecker|Win32.Build.0 = Release|Win32
		{B5C3BCA5-F481-48E6-9BAC-BAF53BC10744}.Debug|Win32.ActiveCfg = Debug|Win32
		{B5C3BCA5-F481-48E6-9BAC-BAF53BC10744}.Debug|Win32.Build.0 = Debug|Win32
		{B5C3BCA5-F481-48E6-9BAC-BAF53BC10744}.Release|Win32.ActiveCfg = Release|Win32
		{B5C3BCA5-F481-48E6-9BAC-BAF53BC10744}.Release|Win32.Build.0 = Release|Win32
		{1EC0443E-6826-4E37-AB54-04D57B3EE289}.BoundsChecker|Win32.ActiveCfg = Debug|Win32
		{1EC0443E-6826-4E37-AB54-04D57B3EE289}.BoundsChecker|Win32.Build.0 = Debug|Win32
		{1EC0443E-6826-4E37-AB54-04D57B3EE289}.Debug|Win32.ActiveCfg = Debug|Win32
		{1EC0443E-6826-4E37-AB54-04D57B3EE289}.Debug|Win32.Build.0 = Debug|Win32
		{1EC0443E-6826-4E37-AB54-04D57B3EE289}.Release|Win32.ActiveCfg = Release|Win32
		{1EC0443E-6826-4E37-AB54-04D57B3EE289}.Release|Win32.Build.0 = Release|Win32
		{09FEBE12-DBAE-4734-85E6-272059450B85}.BoundsChecker|Win32.ActiveCfg = Release|Win32
		{09FEBE12-DBAE-4734-85E6-272059450B85}.BoundsChecker|Win32.Build.0 = Release|Win32
		{09FEBE12-DBAE-4734-85E6-272059450B85}.Debug|Win32.ActiveCfg = Debug|Win32
		{09FEBE12-DBAE-4734-85E6-272059450B85}.Debug|Win32.Build.0 = Debug|Win32
		{09FEBE12-DBAE-4734-85E6-272059450B85}.Release|Win32.ActiveCfg = Release|Win32
		{09FEBE12-DBAE-4734-85E6-272059450B85}.Release|Win32.Build.0 = Release|Win32
		{222C3D43-6758-4022-90ED-2E2D38575DAD}.BoundsChecker|Win32.ActiveCfg = Debug|Win32
		{222C3D43-6758-4022-90ED-2E2D38575DAD}.BoundsChecker|Win32.Build.0 = Debug|Win32
		{222C3D43-6758-4022-90ED-2E2D38575DAD}.Debug|Win32.ActiveCfg = Debug|Win32
		{222C3D43-6758-4022-90ED-2E2D38575DAD}.Debug|Win32.Build.0 = Debug|Win32
		{222C3D43-6758-4022-90ED-2E2D38575DAD}.Release|Win32.ActiveCfg = Release|Win32
		{222C3D43-6758-4022-90ED-2E2D38575DAD}.Release|Win32.Build.0 = Release|Win32
		{7C68D4EE-F3C7-4A8D-A277-028FF6244232}.BoundsChecker|Win32.ActiveCfg = Debug|Win32
		{7C68D4EE-F3C7-4A8D-A277-028FF6244232}.BoundsChecker|Win32.Build.0 = Debug|Win32
		{7C68D4EE-F3C7-4A8D-A277-028FF6244232}.Debug|Win32.ActiveCfg = Debug|Win32
		{7C68D4EE-F3C7-4A8D-A277-028FF6244232}.Debug|Win32.Build.0 = Debug|Win32
		{7C68D4EE-F3C7-4A8D-A277-028FF6244232}.Release|Win32.ActiveCfg = Release|Win32
		{7C68D4EE-F3C7-4A8D-A277-028FF6244232}.Release|Win32.Build.0 = Release|Win32
		{6B1F33B4-99AC-4FB1-AFDE-D0A27035DCE6}.BoundsChecker|Win32.ActiveCfg = Debug|Win32
		{6B1F33B4-99AC-4FB1-AFDE-D0A27035DCE6}.BoundsChecker|Win32.Build.0 = Debug|Win32
		{6B1F33B4-99AC-4FB1-AFDE-D0A27035DCE6}.Debug|Win32.ActiveCfg = Debug|Win32
		{6B1F33B4-99AC-4FB1-AFDE-D0A27035DCE6}.Debug|Win32.Build.0 = Debug|Win32
		{6B1F33B4-99AC-4FB1-AFDE-D0A27035DCE6}.Release|Win32.ActiveCfg = Release|Win32
		{6B1F33B4-99AC-4FB1-AFDE-D0A27035DCE6}.Release|Win32.Build.0 = Release|Win32
		{1FD3A666-3297-4B68-AB44-6109A8819E90}.BoundsChecker|Win32.ActiveCfg = Release|Win32
		{1FD3A666-3297-4B68-AB44-6109A8819E90}.BoundsChecker|Win32.Build.0 = Release|Win32
		{1FD3A666-3297-4B68-AB44-6109A8819E90}.Debug|Win32.ActiveCfg = Debug|Win32
		{1FD3A666-3297-4B68-AB44-6109A8819E90}.Debug|Win32.Build.0 = Debug|Win32
		{1FD3A666-3297-4B68-AB44-6109A8819E90}.Release|Win32.ActiveCfg = Release|Win32
		{1FD3A666-3297-4B68-AB44-6109A8819E90}.Release|Win32.Build.0 = Release|Win32
		{A35B613F-4406-41F4-9CB6-C724AECE35A5}.BoundsChecker|Win32.ActiveCfg = Release|Win32
		{A35B613F-4406-41F4-9CB6-C724AECE35A5}.BoundsChecker|Win32.Build.0 = Release|Win32
		{A35B613F-4406-41F4-9CB6-C724AECE35A5}.Debug|Win32.ActiveCfg = Debug|Win32
		{A35B613F-4406-41F4-9CB6-C724AECE35A5}.Debug|Win32.Build.0 = Debug|Win32
		{A35B613F-4406-41F4-9CB6-C724AECE35A5}.Release|Win32.ActiveCfg = Release|Win32
		{A35B613F-4406-41F4-9CB6-C724AECE35A5}.Release|Win32.Build.0 = Release|Win32
		{2C42A6D6-76E3-4530-ADBF-D32662B4441C}.BoundsChecker|Win32.ActiveCfg = Release|Win32
		{2C42A6D6-76E3-4530-ADBF-D32662B4441C}.BoundsChecker|Win32.Build.0 = Release|Win32
		{2C42A6D6-76E3-4530-ADBF-D32662B4441C}.Debug|Win32.ActiveCfg = Debug|Win32
		{2C42A6D6-76E3-4530-ADBF-D32662B4441C}.Debug|Win32.Build.0 = Debug|Win32
		{2C42A6D6-76E3-4530-ADBF-D32662B4441C}.Release|Win32.ActiveCfg = Release|Win32
		{2C42A6D6-76E3-4530-ADBF-D32662B4441C}.Release|Win32.Build.0 = Release|Win32
		{4268E55E-3F09-416A-A97C-7F2ACA308ECA}.BoundsChecker|Win32.ActiveCfg = Debug|Win32
		{4268E55E-3F09-416A-A97C-7F2ACA308ECA}.BoundsChecker|Win32.Build.0 = Debug|Win32
		{4268E55E-3F09-416A-A97C-7F2ACA308ECA}.Debug|Win32.ActiveCfg = Debug|Win32
		{4268E55E-3F09-416A-A97C-7F2ACA308ECA}.Debug|Win32.Build.0 = Debug|Win32
		{4268E55E-3F09-416A-A97C-7F2ACA308ECA}.Release|Win32.ActiveCfg = Release|Win32
		{4268E55E-3F09-416A-A97C-7F2ACA308ECA}.Release|Win32.Build.0 = Release|Win32
		{53167940-ACA4-42FD-950C-00476D3F5801}.BoundsChecker|Win32.ActiveCfg = Release|Win32
		{53167940-ACA4-42FD-950C-00476D3F5801}.BoundsChecker|Win32.Build.0 = Release|Win32
		{53167940-ACA4-42FD-950C-00476D3F5801}.Debug|Win32.ActiveCfg = Debug|Win32
		{53167940-ACA4-42FD-950C-00476D3F5801}.Debug|Win32.Build.0 = Debug|Win32
		{53167940-ACA4-42FD-950C-00476D3F5801}.Release|Win32.ActiveCfg = Release|Win32
		{53167940-ACA4-42FD-950C-00476D3F5801}.Release|Win32.Build.0 = Release|Win32
		{54808A19-17C4-4976-B68E-49A49B5F517C}.BoundsChecker|Win32.ActiveCfg = Debug|Win32
		{54808A19-17C4-4976-B68E-49A49B5F517C}.BoundsChecker|Win32.Build.0 = Debug|Win32
		{54808A19-17C4-4976-B68E-49A49B5F517C}.Debug|Win32.ActiveCfg = Debug|Win32
		{54808A19-17C4-4976-B68E-49A49B5F517C}.Debug|Win32.Build.0 = Debug|Win32
		{54808A19-17C4-4976-B68E-49A49B5F517C}.Release|Win32.ActiveCfg = Release|Win32
		{54808A19-17C4-4976-B68E-49A49B5F517C}.Release|Win32.Build.0 = Release|Win32
		{1CE94805-101E-4961-8EC2-FA568A36C26C}.BoundsChecker|Win32.ActiveCfg = Debug|Win32
		{1CE94805-101E-4961-8EC2-FA568A36C26C}.BoundsChecker|Win32.Build.0 = Debug|Win32
		{1CE94805-101E-4961-8EC2-FA568A36C26C}.Debug|Win32.ActiveCfg = Debug|Win32
		{1CE94805-101E-4961-8EC2-FA568A36C26C}.Debug|Win32.Build.0 = Debug|Win32
		{1CE94805-101E-4961-8EC2-FA568A36C26C}.Release|Win32.ActiveCfg = Release|Win32
		{1CE94805-101E-4961-8EC2-FA568A36C26C}.Release|Win32.Build.0 = Release|Win32
		{4840AC1F-F265-48D2-BDAC-145303A37F6F}.BoundsChecker|Win32.ActiveCfg = Release|Win32
		{4840AC1F-F265-48D2-BDAC-145303A37F6F}.BoundsChecker|Win32.Build.0 = Release|Win32
		{4840AC1F-F265-48D2-BDAC-145303A37F6F}.Debug|Win32.ActiveCfg = Debug|Win32
		{4840AC1F-F265-48D2-BDAC-145303A37F6F}.Debug|Win32.Build.0 = Debug|Win32
		{4840AC1F-F265-48D2-BDAC-145303A37F6F}.Release|Win32.ActiveCfg = Release|Win32
		{4840AC1F-F265-48D2-BDAC-145303A37F6F}.Release|Win32.Build.0 = Release|Win32
		{C73BF3D4-2B93-4FB8-9F3E-00FCCA69BF49}.BoundsChecker|Win32.ActiveCfg = Release|Win32
		{C73BF3D4-2B93-4FB8-9F3E-00FCCA69BF49}.BoundsChecker|Win32.Build.0 = Release|Win32
		{C73BF3D4-2B93-4FB8-9F3E-00FCCA69BF49}.Debug|Win32.ActiveCfg = Debug|Win32
		{C73BF3D4-2B93-4FB8-9F3E-00FCCA69BF49}.Debug|Win32.Build.0 = Debug|Win32
		{C73BF3D4-2B93-4FB8-9F3E-00FCCA69BF49}.Release|Win32.ActiveCfg = Release|Win32
		{C73BF3D4-2B93-4FB8-9F3E-00FCCA69BF49}.Release|Win32.Build.0 = Release|Win32
		{7C893D06-DAE4-4A5C-B37A-7C8D3BD1629F}.BoundsChecker|Win32.ActiveCfg = Debug|Win32
		{7C893D06-DAE4-4A5C-B37A-7C8D3BD1629F}.BoundsChecker|Win32.Build.0 = Debug|Win32
		{7C893D06-DAE4-4A5C-B37A-7C8D3BD1629F}.Debug|Win32.ActiveCfg = Debug|Win32
		{7C893D06-DAE4-4A5C-B37A-7C8D3BD1629F}.Debug|Win32.Build.0 = Debug|Win32
		{7C893D06-DAE4-4A5C-B37A-7C8D3BD1629F}.Release|Win32.ActiveCfg = Release|Win32
		{7C893D06-DAE4-4A5C-B37A-7C8D3BD1629F}.Release|Win32.Build.0 = Release|Win32
		{9C27A59E-5537-471C-96BC-125FE644EE8A}.BoundsChecker|Win32.ActiveCfg = Debug|Win32
		{9C27A59E-5537-471C-96BC-125FE644EE8A}.BoundsChecker|Win32.Build.0 = Debug|Win32
		{9C27A59E-5537-471C-96BC-125FE644EE8A}.Debug|Win32.ActiveCfg = Debug|Win32
		{9C27A59E-5537-471C-96BC-125FE644EE8A}.Debug|Win32.Build.0 = Debug|Win32
		{9C27A59E-5537-471C-96BC-125FE644EE8A}.Release|Win32.ActiveCfg = Release|Win32
		{9C27A59E-5537-471C-96BC-125FE644EE8A}.Release|Win32.Build.0 = Release|Win32
		{3C97FE2F-94CC-41CD-91FB-ABCD5DF79FFA}.BoundsChecker|Win32.ActiveCfg = Debug|Win32
		{3C97FE2F-94CC-41CD-91FB-ABCD5DF79FFA}.BoundsChecker|Win32.Build.0 = Debug|Win32
		{3C97FE2F-94CC-41CD-91FB-ABCD5DF79FFA}.Debug|Win32.ActiveCfg = Debug|Win32
		{3C97FE2F-94CC-41CD-91FB-ABCD5DF79FFA}.Debug|Win32.Build.0 = Debug|Win32
		{3C97FE2F-94CC-41CD-91FB-ABCD5DF79FFA}.Release|Win32.ActiveCfg = Release|Win32
		{3C97FE2F-94CC-41CD-91FB-ABCD5DF79FFA}.Release|Win32.Build.0 = Release|Win32
		{2F46D44C-2694-4A87-BE43-528F8BE217C2}.BoundsChecker|Win32.ActiveCfg = Debug|Win32
		{2F46D44C-2694-4A87-BE43-528F8BE217C2}.BoundsChecker|Win32.Build.0 = Debug|Win32
		{2F46D44C-2694-4A87-BE43-528F8BE217C2}.Debug|Win32.ActiveCfg = Debug|Win32
		{2F46D44C-2694-4A87-BE43-528F8BE217C2}.Debug|Win32.Build.0 = Debug|Win32
		{2F46D44C-2694-4A87-BE43-528F8BE217C2}.Release|Win32.ActiveCfg = Release|Win32
		{2F46D44C-2694-4A87-BE43-528F8BE217C2}.Release|Win32.Build.0 = Release|Win32
		{9088788C-1CF5-4159-9EC8-43D4F41A0631}.BoundsChecker|Win32.ActiveCfg = Release|Win32
		{9088788C-1CF5-4159-9EC8-43D4F41A0631}.BoundsChecker|Win32.Build.0 = Release|Win32
		{9088788C-1CF5-4159-9EC8-43D4F41A0631}.Debug|Win32.ActiveCfg = Debug|Win32
		{9088788C-1CF5-4159-9EC8-43D4F41A0631}.Debug|Win32.Build.0 = Debug|Win32
		{9088788C-1CF5-4159-9EC8-43D4F41A0631}.Release|Win32.ActiveCfg = Release|Win32
		{9088788C-1CF5-4159-9EC8-43D4F41A0631}.Release|Win32.Build.0 = Release|Win32
		{E0085336-A21F-4295-A9E6-1A97EBFE1EF9}.BoundsChecker|Win32.ActiveCfg = Debug|Win32
		{E0085336-A21F-4295-A9E6-1A97EBFE1EF9}.BoundsChecker|Win32.Build.0 = Debug|Win32
		{E0085336-A21F-4295-A9E6-1A97EBFE1EF9}.Debug|Win32.ActiveCfg = Debug|Win32
		{E0085336-A21F-4295-A9E6-1A97EBFE1EF9}.Debug|Win32.Build.0 = Debug|Win32
		{E0085336-A21F-4295-A9E6-1A97EBFE1EF9}.Release|Win32.ActiveCfg = Release|Win32
		{E0085336-A21F-4295-A9E6-1A97EBFE1EF9}.Release|Win32.Build.0 = Release|Win32
	EndGlobalSection
	GlobalSection(SolutionProperties) = preSolution
		HideSolutionNode = FALSE
	EndGlobalSection
EndGlobal
