<?xml version="1.0" encoding="utf-8"?>
<Project ToolsVersion="4.0" xmlns="http://schemas.microsoft.com/developer/msbuild/2003">
  <ItemGroup>
    <Filter Include="Source Files">
      <UniqueIdentifier>{1d04b777-c992-4ab9-b43f-902b17ac18e3}</UniqueIdentifier>
      <Extensions>cpp;c;cxx;rc;def;r;odl;hpj;bat;for;f90</Extensions>
    </Filter>
    <Filter Include="Header Files">
      <UniqueIdentifier>{bff8c446-e7c3-4a39-b041-16739385c5c3}</UniqueIdentifier>
      <Extensions>h;hpp;hxx;hm;inl;fi;fd</Extensions>
    </Filter>
    <Filter Include="Resource Files">
      <UniqueIdentifier>{ff479097-5252-443c-b360-6463084bb6d3}</UniqueIdentifier>
      <Extensions>ico;cur;bmp;dlg;rc2;rct;bin;cnt;rtf;gif;jpg;jpeg;jpe</Extensions>
    </Filter>
  </ItemGroup>
  <ItemGroup>
    <ClCompile Include="_ConfigUtil.cpp">
      <Filter>Source Files</Filter>
    </ClCompile>
    <ClCompile Include="_Validate.cpp">
      <Filter>Source Files</Filter>
    </ClCompile>
    <ClCompile Include="_WndProcs.cpp">
      <Filter>Source Files</Filter>
    </ClCompile>
    <ClCompile Include="cACP.cpp">
      <Filter>Source Files</Filter>
    </ClCompile>
    <ClCompile Include="cApplication.cpp">
      <Filter>Source Files</Filter>
    </ClCompile>
    <ClCompile Include="cDISPLAY.cpp">
      <Filter>Source Files</Filter>
    </ClCompile>
    <ClCompile Include="cEXTRACT.cpp">
      <Filter>Source Files</Filter>
    </ClCompile>
    <ClCompile Include="cGeneral.cpp">
      <Filter>Source Files</Filter>
    </ClCompile>
    <ClCompile Include="cLicense.cpp">
      <Filter>Source Files</Filter>
    </ClCompile>
    <ClCompile Include="cMainDlg.cpp">
      <Filter>Source Files</Filter>
    </ClCompile>
    <ClCompile Include="cMessage.cpp">
      <Filter>Source Files</Filter>
    </ClCompile>
    <ClCompile Include="cScratch.cpp">
      <Filter>Source Files</Filter>
    </ClCompile>
    <ClCompile Include="cVideocap.cpp">
      <Filter>Source Files</Filter>
    </ClCompile>
    <ClCompile Include="cWISPBin.cpp">
      <Filter>Source Files</Filter>
    </ClCompile>
    <ClCompile Include="cWProc.cpp">
      <Filter>Source Files</Filter>
    </ClCompile>
    <ClCompile Include="..\rControls\rControls.cpp">
      <Filter>Source Files</Filter>
    </ClCompile>
    <ClCompile Include="..\rControls\rDialogs.cpp">
      <Filter>Source Files</Filter>
    </ClCompile>
    <ClCompile Include="..\rControls\rDlgProcs.cpp">
      <Filter>Source Files</Filter>
    </ClCompile>
    <ClCompile Include="..\rControls\rStatusBar.cpp">
      <Filter>Source Files</Filter>
    </ClCompile>
  </ItemGroup>
  <ItemGroup>
    <ResourceCompile Include="_ConfigUtil.rc">
      <Filter>Source Files</Filter>
    </ResourceCompile>
  </ItemGroup>
  <ItemGroup>
    <ClInclude Include="#Classes.h">
      <Filter>Header Files</Filter>
    </ClInclude>
    <ClInclude Include="#Defines.h">
      <Filter>Header Files</Filter>
    </ClInclude>
    <ClInclude Include="#Externs.h">
      <Filter>Header Files</Filter>
    </ClInclude>
    <ClInclude Include="#Prototypes.h">
      <Filter>Header Files</Filter>
    </ClInclude>
    <ClInclude Include="..\rControls\rControls.h">
      <Filter>Header Files</Filter>
    </ClInclude>
    <ClInclude Include="resource.h">
      <Filter>Header Files</Filter>
    </ClInclude>
    <ClInclude Include="..\rControls\rPrototypes.h">
      <Filter>Header Files</Filter>
    </ClInclude>
    <ClInclude Include="..\rControls\rResources.h">
      <Filter>Header Files</Filter>
    </ClInclude>
  </ItemGroup>
  <ItemGroup>
    <None Include="wconfig.ico">
      <Filter>Resource Files</Filter>
    </None>
  </ItemGroup>
</Project>