<?xml version="1.0" encoding="utf-8"?>
<Project ToolsVersion="4.0" xmlns="http://schemas.microsoft.com/developer/msbuild/2003">
  <ItemGroup>
    <Filter Include="Source Files">
      <UniqueIdentifier>{1967490a-9fca-4aa5-a831-ab62aa8b1108}</UniqueIdentifier>
      <Extensions>cpp;c;cxx;rc;def;r;odl;hpj;bat;for;f90</Extensions>
    </Filter>
    <Filter Include="Resource Files">
      <UniqueIdentifier>{65ac81f6-3012-4dfb-961b-1317e12ec79b}</UniqueIdentifier>
      <Extensions>ico;cur;bmp;dlg;rc2;rct;bin;cnt;rtf;gif;jpg;jpeg;jpe</Extensions>
    </Filter>
    <Filter Include="Header Files">
      <UniqueIdentifier>{2e0c1af2-20f3-442d-8b65-a006b83e2873}</UniqueIdentifier>
      <Extensions>h;hpp;hxx;hm;inl;fi;fd</Extensions>
    </Filter>
  </ItemGroup>
  <ItemGroup>
    <ClCompile Include="..\wispcommon\getopt.c">
      <Filter>Source Files</Filter>
    </ClCompile>
    <ClCompile Include="..\wisplib\platsubs.c">
      <Filter>Source Files</Filter>
    </ClCompile>
    <ClCompile Include="..\wisplib\winnt.c">
      <Filter>Source Files</Filter>
    </ClCompile>
    <ClCompile Include="..\wisplib\wispvers.c">
      <Filter>Source Files</Filter>
    </ClCompile>
    <ClCompile Include="wprint64.c">
      <Filter>Source Files</Filter>
    </ClCompile>
  </ItemGroup>
  <ItemGroup>
    <None Include="wprint64_readme.txt">
      <Filter>Resource Files</Filter>
    </None>
    <None Include="wprint64_redist.txt">
      <Filter>Resource Files</Filter>
    </None>
    <None Include="wprint64_usage.txt">
      <Filter>Resource Files</Filter>
    </None>
  </ItemGroup>
</Project>